# THIS IS AN AUTOGENERATED FILE. DO NOT EDIT THIS FILE DIRECTLY.
# yarn lockfile v1


"@calcit/procs@^0.2.63":
  version "0.2.63"
  resolved "https://registry.npm.taobao.org/@calcit/procs/download/@calcit/procs-0.2.63.tgz#bb16b5cf8b30a6ee58c49ef7adf55c118a711438"
  integrity sha1-uxa1z4swpu5YxJ73rfVcEYpxFDg=
  dependencies:
    "@calcit/ternary-tree" "0.0.9"
    "@cirru/parser.ts" "^0.0.1"

"@calcit/ternary-tree@0.0.9":
  version "0.0.9"
  resolved "https://registry.npm.taobao.org/@calcit/ternary-tree/download/@calcit/ternary-tree-0.0.9.tgz#8a1d5d4c18f541a541b4dad857e300537ae4f3ef"
  integrity sha1-ih1dTBj1QaVBtNrYV+MAU3rk8+8=

"@cirru/parser.ts@^0.0.1":
  version "0.0.1"
  resolved "https://registry.npm.taobao.org/@cirru/parser.ts/download/@cirru/parser.ts-0.0.1.tgz#0870b051bd9f56626759ec22d7a0d5c51b19fe9c"
  integrity sha1-CHCwUb2fVmJnWewi16DVxRsZ/pw=

"@pixi/accessibility@5.3.7":
  version "5.3.7"
  resolved "https://registry.npm.taobao.org/@pixi/accessibility/download/@pixi/accessibility-5.3.7.tgz#a9ca9c7c04925014af4b137b38dd8b77b208e603"
  integrity sha1-qcqcfASSUBSvSxN7ON2Ld7II5gM=
  dependencies:
    "@pixi/core" "5.3.7"
    "@pixi/display" "5.3.7"
    "@pixi/utils" "5.3.7"

"@pixi/app@5.3.7":
  version "5.3.7"
  resolved "https://registry.npm.taobao.org/@pixi/app/download/@pixi/app-5.3.7.tgz#1a469dcdb9a3746d98eb58f2f7fa3e0951880a82"
  integrity sha1-GkadzbmjdG2Y61jy9/o+CVGICoI=
  dependencies:
    "@pixi/core" "5.3.7"
    "@pixi/display" "5.3.7"

"@pixi/constants@5.3.7":
  version "5.3.7"
  resolved "https://registry.npm.taobao.org/@pixi/constants/download/@pixi/constants-5.3.7.tgz#a2e1789a98deb3713cfcb3eba3db84588bc9161e"
  integrity sha1-ouF4mpjes3E8/LPro9uEWIvJFh4=

"@pixi/core@5.3.7":
  version "5.3.7"
  resolved "https://registry.npm.taobao.org/@pixi/core/download/@pixi/core-5.3.7.tgz#a8d65ca17f0c4ef8c0c5a22d31b9e02a4ab73b93"
  integrity sha1-qNZcoX8MTvjAxaItMbngKkq3O5M=
  dependencies:
    "@pixi/constants" "5.3.7"
    "@pixi/math" "5.3.7"
    "@pixi/runner" "5.3.7"
    "@pixi/settings" "5.3.7"
    "@pixi/ticker" "5.3.7"
    "@pixi/utils" "5.3.7"

"@pixi/display@5.3.7":
  version "5.3.7"
  resolved "https://registry.npm.taobao.org/@pixi/display/download/@pixi/display-5.3.7.tgz#b661d2ecfd2a67f213665a0698acd29e17eee8fe"
  integrity sha1-tmHS7P0qZ/ITZloGmKzSnhfu6P4=
  dependencies:
    "@pixi/math" "5.3.7"
    "@pixi/settings" "5.3.7"
    "@pixi/utils" "5.3.7"

"@pixi/extract@5.3.7":
  version "5.3.7"
  resolved "https://registry.npm.taobao.org/@pixi/extract/download/@pixi/extract-5.3.7.tgz#2f32b804d90621ad3187e4ae7fb959d19b3959f1"
  integrity sha1-LzK4BNkGIa0xh+Suf7lZ0Zs5WfE=
  dependencies:
    "@pixi/core" "5.3.7"
    "@pixi/math" "5.3.7"
    "@pixi/utils" "5.3.7"

"@pixi/filter-alpha@5.3.7":
  version "5.3.7"
  resolved "https://registry.npm.taobao.org/@pixi/filter-alpha/download/@pixi/filter-alpha-5.3.7.tgz#e979db57e9ee47b84d0900e5f9767b8632426fb4"
  integrity sha1-6XnbV+nuR7hNCQDl+XZ7hjJCb7Q=
  dependencies:
    "@pixi/core" "5.3.7"

"@pixi/filter-blur@5.3.7":
  version "5.3.7"
  resolved "https://registry.npm.taobao.org/@pixi/filter-blur/download/@pixi/filter-blur-5.3.7.tgz#7eee3559704b280e8588c2fc9e8d912aac80f8a9"
  integrity sha1-fu41WXBLKA6FiML8no2RKqyA+Kk=
  dependencies:
    "@pixi/core" "5.3.7"
    "@pixi/settings" "5.3.7"

"@pixi/filter-color-matrix@5.3.7":
  version "5.3.7"
  resolved "https://registry.npm.taobao.org/@pixi/filter-color-matrix/download/@pixi/filter-color-matrix-5.3.7.tgz#230cafe46bde36e25441b13f3ac5dd8e8fee4311"
  integrity sha1-Iwyv5GveNuJUQbE/OsXdjo/uQxE=
  dependencies:
    "@pixi/core" "5.3.7"

"@pixi/filter-displacement@5.3.7":
  version "5.3.7"
  resolved "https://registry.npm.taobao.org/@pixi/filter-displacement/download/@pixi/filter-displacement-5.3.7.tgz#4364d5514221c4a03950b67795cebd1b34dca401"
  integrity sha1-Q2TVUUIhxKA5ULZ3lc69GzTcpAE=
  dependencies:
    "@pixi/core" "5.3.7"
    "@pixi/math" "5.3.7"

"@pixi/filter-fxaa@5.3.7":
  version "5.3.7"
  resolved "https://registry.npm.taobao.org/@pixi/filter-fxaa/download/@pixi/filter-fxaa-5.3.7.tgz#55b778fbc60fd87f16d17d66a36b122e2f5c3b57"
  integrity sha1-Vbd4+8YP2H8W0X1mo2sSLi9cO1c=
  dependencies:
    "@pixi/core" "5.3.7"

"@pixi/filter-noise@5.3.7":
  version "5.3.7"
  resolved "https://registry.npm.taobao.org/@pixi/filter-noise/download/@pixi/filter-noise-5.3.7.tgz#70e638f5d6ebc4b62b4c67f2de939a7fa900d7a5"
  integrity sha1-cOY49dbrxLYrTGfy3pOaf6kA16U=
  dependencies:
    "@pixi/core" "5.3.7"

"@pixi/graphics@5.3.7":
  version "5.3.7"
  resolved "https://registry.npm.taobao.org/@pixi/graphics/download/@pixi/graphics-5.3.7.tgz#36ae80e2508e0a9c61ce454807d517d370d90a74"
  integrity sha1-Nq6A4lCOCpxhzkVIB9UX03DZCnQ=
  dependencies:
    "@pixi/constants" "5.3.7"
    "@pixi/core" "5.3.7"
    "@pixi/display" "5.3.7"
    "@pixi/math" "5.3.7"
    "@pixi/sprite" "5.3.7"
    "@pixi/utils" "5.3.7"

"@pixi/interaction@5.3.7":
  version "5.3.7"
  resolved "https://registry.npm.taobao.org/@pixi/interaction/download/@pixi/interaction-5.3.7.tgz#dd4d7b43fc266c9b0e8994f4f05cb9f73438b586"
  integrity sha1-3U17Q/wmbJsOiZT08Fy59zQ4tYY=
  dependencies:
    "@pixi/core" "5.3.7"
    "@pixi/display" "5.3.7"
    "@pixi/math" "5.3.7"
    "@pixi/ticker" "5.3.7"
    "@pixi/utils" "5.3.7"

"@pixi/loaders@5.3.7":
  version "5.3.7"
  resolved "https://registry.npm.taobao.org/@pixi/loaders/download/@pixi/loaders-5.3.7.tgz#7231106d8d490d9ca230df7a07a53e1e4d412163"
  integrity sha1-cjEQbY1JDZyiMN96B6U+Hk1BIWM=
  dependencies:
    "@pixi/core" "5.3.7"
    "@pixi/utils" "5.3.7"
    resource-loader "^3.0.1"

"@pixi/math@5.3.7":
  version "5.3.7"
  resolved "https://registry.npm.taobao.org/@pixi/math/download/@pixi/math-5.3.7.tgz#066e7ea149fd38db8d8a9584aac5f41d02b36bdd"
  integrity sha1-Bm5+oUn9ONuNipWEqsX0HQKza90=

"@pixi/mesh-extras@5.3.7":
  version "5.3.7"
  resolved "https://registry.npm.taobao.org/@pixi/mesh-extras/download/@pixi/mesh-extras-5.3.7.tgz#e4ab9e4b0cb05606a621cacd6d37d472067c6041"
  integrity sha1-5KueSwywVgamIcrNbTfUcgZ8YEE=
  dependencies:
    "@pixi/constants" "5.3.7"
    "@pixi/core" "5.3.7"
    "@pixi/math" "5.3.7"
    "@pixi/mesh" "5.3.7"
    "@pixi/utils" "5.3.7"

"@pixi/mesh@5.3.7":
  version "5.3.7"
  resolved "https://registry.npm.taobao.org/@pixi/mesh/download/@pixi/mesh-5.3.7.tgz#9de12a6404abdd17fe14c08d2bbe163bdf72bb9a"
  integrity sha1-neEqZASr3Rf+FMCNK74WO99yu5o=
  dependencies:
    "@pixi/constants" "5.3.7"
    "@pixi/core" "5.3.7"
    "@pixi/display" "5.3.7"
    "@pixi/math" "5.3.7"
    "@pixi/settings" "5.3.7"
    "@pixi/utils" "5.3.7"

"@pixi/mixin-cache-as-bitmap@5.3.7":
  version "5.3.7"
  resolved "https://registry.npm.taobao.org/@pixi/mixin-cache-as-bitmap/download/@pixi/mixin-cache-as-bitmap-5.3.7.tgz#2a30fc3f552f7a0a51bd0fe5a6e937132a5fff52"
  integrity sha1-KjD8P1UvegpRvQ/lpuk3Eypf/1I=
  dependencies:
    "@pixi/core" "5.3.7"
    "@pixi/display" "5.3.7"
    "@pixi/math" "5.3.7"
    "@pixi/settings" "5.3.7"
    "@pixi/sprite" "5.3.7"
    "@pixi/utils" "5.3.7"

"@pixi/mixin-get-child-by-name@5.3.7":
  version "5.3.7"
  resolved "https://registry.npm.taobao.org/@pixi/mixin-get-child-by-name/download/@pixi/mixin-get-child-by-name-5.3.7.tgz#49c5aa84840bf09e2c089011665407e8c1a3466e"
  integrity sha1-ScWqhIQL8J4sCJARZlQH6MGjRm4=
  dependencies:
    "@pixi/display" "5.3.7"

"@pixi/mixin-get-global-position@5.3.7":
  version "5.3.7"
  resolved "https://registry.npm.taobao.org/@pixi/mixin-get-global-position/download/@pixi/mixin-get-global-position-5.3.7.tgz#68c0167054abbac01ecd10275212f5b9afe049bf"
  integrity sha1-aMAWcFSrusAezRAnUhL1ua/gSb8=
  dependencies:
    "@pixi/display" "5.3.7"
    "@pixi/math" "5.3.7"

"@pixi/particles@5.3.7":
  version "5.3.7"
  resolved "https://registry.npm.taobao.org/@pixi/particles/download/@pixi/particles-5.3.7.tgz#9f0500b818f20af8e9338fee24c1c33530dfa925"
  integrity sha1-nwUAuBjyCvjpM4/uJMHDNTDfqSU=
  dependencies:
    "@pixi/constants" "5.3.7"
    "@pixi/core" "5.3.7"
    "@pixi/display" "5.3.7"
    "@pixi/math" "5.3.7"
    "@pixi/utils" "5.3.7"

"@pixi/polyfill@5.3.7":
  version "5.3.7"
  resolved "https://registry.npm.taobao.org/@pixi/polyfill/download/@pixi/polyfill-5.3.7.tgz#eb43ef1eefc7967bf8d44f704677c19adfdc539c"
  integrity sha1-60PvHu/Hlnv41E9wRnfBmt/cU5w=
  dependencies:
    es6-promise-polyfill "^1.2.0"
    object-assign "^4.1.1"

"@pixi/prepare@5.3.7":
  version "5.3.7"
  resolved "https://registry.npm.taobao.org/@pixi/prepare/download/@pixi/prepare-5.3.7.tgz#00916a56c61d8349be47937a9b384f3cf90157ca"
  integrity sha1-AJFqVsYdg0m+R5N6mzhPPPkBV8o=
  dependencies:
    "@pixi/core" "5.3.7"
    "@pixi/display" "5.3.7"
    "@pixi/graphics" "5.3.7"
    "@pixi/settings" "5.3.7"
    "@pixi/text" "5.3.7"
    "@pixi/ticker" "5.3.7"

"@pixi/runner@5.3.7":
  version "5.3.7"
  resolved "https://registry.npm.taobao.org/@pixi/runner/download/@pixi/runner-5.3.7.tgz#78ed2c92b392b8c099d2e4557dded7faa921446b"
  integrity sha1-eO0skrOSuMCZ0uRVfd7X+qkhRGs=

"@pixi/settings@5.3.7":
  version "5.3.7"
  resolved "https://registry.npm.taobao.org/@pixi/settings/download/@pixi/settings-5.3.7.tgz#b661883231bf2a1ff5260c214bd0c4b438759841"
  integrity sha1-tmGIMjG/Kh/1JgwhS9DEtDh1mEE=
  dependencies:
    ismobilejs "^1.1.0"

"@pixi/sprite-animated@5.3.7":
  version "5.3.7"
  resolved "https://registry.npm.taobao.org/@pixi/sprite-animated/download/@pixi/sprite-animated-5.3.7.tgz#94e6d7657cd133a8953e476bd24e18cbfab6a978"
  integrity sha1-lObXZXzRM6iVPkdr0k4Yy/q2qXg=
  dependencies:
    "@pixi/core" "5.3.7"
    "@pixi/sprite" "5.3.7"
    "@pixi/ticker" "5.3.7"

"@pixi/sprite-tiling@5.3.7":
  version "5.3.7"
  resolved "https://registry.npm.taobao.org/@pixi/sprite-tiling/download/@pixi/sprite-tiling-5.3.7.tgz#f4ec4cd205ff7ecebe636062ea27f7a139fb8e22"
  integrity sha1-9OxM0gX/fs6+Y2Bi6if3oTn7jiI=
  dependencies:
    "@pixi/constants" "5.3.7"
    "@pixi/core" "5.3.7"
    "@pixi/display" "5.3.7"
    "@pixi/math" "5.3.7"
    "@pixi/sprite" "5.3.7"
    "@pixi/utils" "5.3.7"

"@pixi/sprite@5.3.7":
  version "5.3.7"
  resolved "https://registry.npm.taobao.org/@pixi/sprite/download/@pixi/sprite-5.3.7.tgz#c6edf3d4a9928868696b62e35a60ded27d167058"
  integrity sha1-xu3z1KmSiGhpa2LjWmDe0n0WcFg=
  dependencies:
    "@pixi/constants" "5.3.7"
    "@pixi/core" "5.3.7"
    "@pixi/display" "5.3.7"
    "@pixi/math" "5.3.7"
    "@pixi/settings" "5.3.7"
    "@pixi/utils" "5.3.7"

"@pixi/spritesheet@5.3.7":
  version "5.3.7"
  resolved "https://registry.npm.taobao.org/@pixi/spritesheet/download/@pixi/spritesheet-5.3.7.tgz#826b84c8220ca41c3eba201f453d42394d4da562"
  integrity sha1-gmuEyCIMpBw+uiAfRT1COU1NpWI=
  dependencies:
    "@pixi/core" "5.3.7"
    "@pixi/loaders" "5.3.7"
    "@pixi/math" "5.3.7"
    "@pixi/utils" "5.3.7"

"@pixi/text-bitmap@5.3.7":
  version "5.3.7"
  resolved "https://registry.npm.taobao.org/@pixi/text-bitmap/download/@pixi/text-bitmap-5.3.7.tgz#736b489424c6e9c26c2907356e2d70e1ae2cb292"
  integrity sha1-c2tIlCTG6cJsKQc1bi1w4a4sspI=
  dependencies:
    "@pixi/core" "5.3.7"
    "@pixi/display" "5.3.7"
    "@pixi/loaders" "5.3.7"
    "@pixi/math" "5.3.7"
    "@pixi/mesh" "5.3.7"
    "@pixi/settings" "5.3.7"
    "@pixi/text" "5.3.7"
    "@pixi/utils" "5.3.7"

"@pixi/text@5.3.7":
  version "5.3.7"
  resolved "https://registry.npm.taobao.org/@pixi/text/download/@pixi/text-5.3.7.tgz#cb71b2576bdc1f66fb79977d281f9575dd06d3d5"
  integrity sha1-y3GyV2vcH2b7eZd9KB+Vdd0G09U=
  dependencies:
    "@pixi/core" "5.3.7"
    "@pixi/math" "5.3.7"
    "@pixi/settings" "5.3.7"
    "@pixi/sprite" "5.3.7"
    "@pixi/utils" "5.3.7"

"@pixi/ticker@5.3.7":
  version "5.3.7"
  resolved "https://registry.npm.taobao.org/@pixi/ticker/download/@pixi/ticker-5.3.7.tgz#c331b270042d507fe18543ae435a9a857a8fd5ae"
  integrity sha1-wzGycAQtUH/hhUOuQ1qahXqP1a4=
  dependencies:
    "@pixi/settings" "5.3.7"

"@pixi/utils@5.3.7":
  version "5.3.7"
  resolved "https://registry.npm.taobao.org/@pixi/utils/download/@pixi/utils-5.3.7.tgz#55fe2a2fbf0fba842da5a602576ce68c498e7e16"
  integrity sha1-Vf4qL78PuoQtpaYCV2zmjEmOfhY=
  dependencies:
    "@pixi/constants" "5.3.7"
    "@pixi/settings" "5.3.7"
    earcut "^2.1.5"
    eventemitter3 "^3.1.0"
    url "^0.11.0"

colorette@^1.2.1:
  version "1.2.1"
  resolved "https://registry.npm.taobao.org/colorette/download/colorette-1.2.1.tgz?cache=0&sync_timestamp=1593955804228&other_urls=https%3A%2F%2Fregistry.npm.taobao.org%2Fcolorette%2Fdownload%2Fcolorette-1.2.1.tgz#4d0b921325c14faf92633086a536db6e89564b1b"
  integrity sha1-TQuSEyXBT6+SYzCGpTbbbolWSxs=

earcut@^2.1.5:
  version "2.2.2"
  resolved "https://registry.npm.taobao.org/earcut/download/earcut-2.2.2.tgz#41b0bc35f63e0fe80da7cddff28511e7e2e80d11"
  integrity sha1-QbC8NfY+D+gNp83f8oUR5+LoDRE=

es6-promise-polyfill@^1.2.0:
  version "1.2.0"
  resolved "https://registry.npm.taobao.org/es6-promise-polyfill/download/es6-promise-polyfill-1.2.0.tgz#f38925f23cb3e3e8ce6cda8ff774fcebbb090cde"
  integrity sha1-84kl8jyz4+jObNqP93T867sJDN4=

esbuild@^0.8.34:
  version "0.8.49"
  resolved "https://registry.npm.taobao.org/esbuild/download/esbuild-0.8.49.tgz?cache=0&sync_timestamp=1613723944236&other_urls=https%3A%2F%2Fregistry.npm.taobao.org%2Fesbuild%2Fdownload%2Fesbuild-0.8.49.tgz#3d33f71b3966611f822cf4c838115f3fbd16def2"
  integrity sha1-PTP3GzlmYR+CLPTIOBFfP70W3vI=

eventemitter3@^3.1.0:
  version "3.1.2"
  resolved "https://registry.npm.taobao.org/eventemitter3/download/eventemitter3-3.1.2.tgz?cache=0&sync_timestamp=1598517819668&other_urls=https%3A%2F%2Fregistry.npm.taobao.org%2Feventemitter3%2Fdownload%2Feventemitter3-3.1.2.tgz#2d3d48f9c346698fce83a85d7d664e98535df6e7"
  integrity sha1-LT1I+cNGaY/Og6hdfWZOmFNd9uc=

fontfaceobserver-es@^3.3.3:
  version "3.3.3"
  resolved "https://registry.npm.taobao.org/fontfaceobserver-es/download/fontfaceobserver-es-3.3.3.tgz#b8fa6b774592c53d4ff98b031f97f15f9bdc4d83"
  integrity sha1-uPprd0WSxT1P+YsDH5fxX5vcTYM=

fsevents@~2.3.1:
  version "2.3.2"
  resolved "https://registry.npm.taobao.org/fsevents/download/fsevents-2.3.2.tgz#8a526f78b8fdf4623b709e0b975c52c24c02fd1a"
  integrity sha1-ilJveLj99GI7cJ4Ll1xSwkwC/Ro=

function-bind@^1.1.1:
  version "1.1.1"
  resolved "https://registry.npm.taobao.org/function-bind/download/function-bind-1.1.1.tgz#a56899d3ea3c9bab874bb9773b7c5ede92f4895d"
  integrity sha1-pWiZ0+o8m6uHS7l3O3xe3pL0iV0=

has@^1.0.3:
  version "1.0.3"
  resolved "https://registry.npm.taobao.org/has/download/has-1.0.3.tgz#722d7cbfc1f6aa8241f16dd814e011e1f41e8796"
  integrity sha1-ci18v8H2qoJB8W3YFOAR4fQeh5Y=
  dependencies:
    function-bind "^1.1.1"

is-core-module@^2.2.0:
  version "2.2.0"
  resolved "https://registry.npm.taobao.org/is-core-module/download/is-core-module-2.2.0.tgz?cache=0&sync_timestamp=1606411588663&other_urls=https%3A%2F%2Fregistry.npm.taobao.org%2Fis-core-module%2Fdownload%2Fis-core-module-2.2.0.tgz#97037ef3d52224d85163f5597b2b63d9afed981a"
  integrity sha1-lwN+89UiJNhRY/VZeytj2a/tmBo=
  dependencies:
    has "^1.0.3"

ismobilejs@^1.1.0:
  version "1.1.1"
  resolved "https://registry.npm.taobao.org/ismobilejs/download/ismobilejs-1.1.1.tgz#c56ca0ae8e52b24ca0f22ba5ef3215a2ddbbaa0e"
  integrity sha1-xWygro5Sskyg8iul7zIVot27qg4=

mini-signals@^1.2.0:
  version "1.2.0"
  resolved "https://registry.npm.taobao.org/mini-signals/download/mini-signals-1.2.0.tgz#45b08013c5fae51a24aa1a935cd317c9ed721d74"
  integrity sha1-RbCAE8X65RokqhqTXNMXye1yHXQ=

nanoid@^2.1.0:
  version "2.1.11"
  resolved "https://registry.npm.taobao.org/nanoid/download/nanoid-2.1.11.tgz?cache=0&sync_timestamp=1606833990942&other_urls=https%3A%2F%2Fregistry.npm.taobao.org%2Fnanoid%2Fdownload%2Fnanoid-2.1.11.tgz#ec24b8a758d591561531b4176a01e3ab4f0f0280"
  integrity sha1-7CS4p1jVkVYVMbQXagHjq08PAoA=

nanoid@^3.1.20:
  version "3.1.20"
  resolved "https://registry.npm.taobao.org/nanoid/download/nanoid-3.1.20.tgz?cache=0&sync_timestamp=1606833990942&other_urls=https%3A%2F%2Fregistry.npm.taobao.org%2Fnanoid%2Fdownload%2Fnanoid-3.1.20.tgz#badc263c6b1dcf14b71efaa85f6ab4c1d6cfc788"
  integrity sha1-utwmPGsdzxS3HvqoX2q0wdbPx4g=

object-assign@^4.1.1:
  version "4.1.1"
  resolved "https://registry.npm.taobao.org/object-assign/download/object-assign-4.1.1.tgz#2109adc7965887cfc05cbbd442cac8bfbb360863"
  integrity sha1-IQmtx5ZYh8/AXLvUQsrIv7s2CGM=

parse-uri@^1.0.0:
  version "1.0.3"
  resolved "https://registry.npm.taobao.org/parse-uri/download/parse-uri-1.0.3.tgz#f3c24a74907a4e357c1741e96ca9faadecfd6db5"
  integrity sha1-88JKdJB6TjV8F0HpbKn6rez9bbU=

path-parse@^1.0.6:
  version "1.0.6"
  resolved "https://registry.npm.taobao.org/path-parse/download/path-parse-1.0.6.tgz#d62dbb5679405d72c4737ec58600e9ddcf06d24c"
  integrity sha1-1i27VnlAXXLEc37FhgDp3c8G0kw=

pixi.js@^5.3.7:
  version "5.3.7"
  resolved "https://registry.npm.taobao.org/pixi.js/download/pixi.js-5.3.7.tgz#d295076cdb631a0578ee5976d9da195087b6a50e"
  integrity sha1-0pUHbNtjGgV47ll22doZUIe2pQ4=
  dependencies:
    "@pixi/accessibility" "5.3.7"
    "@pixi/app" "5.3.7"
    "@pixi/constants" "5.3.7"
    "@pixi/core" "5.3.7"
    "@pixi/display" "5.3.7"
    "@pixi/extract" "5.3.7"
    "@pixi/filter-alpha" "5.3.7"
    "@pixi/filter-blur" "5.3.7"
    "@pixi/filter-color-matrix" "5.3.7"
    "@pixi/filter-displacement" "5.3.7"
    "@pixi/filter-fxaa" "5.3.7"
    "@pixi/filter-noise" "5.3.7"
    "@pixi/graphics" "5.3.7"
    "@pixi/interaction" "5.3.7"
    "@pixi/loaders" "5.3.7"
    "@pixi/math" "5.3.7"
    "@pixi/mesh" "5.3.7"
    "@pixi/mesh-extras" "5.3.7"
    "@pixi/mixin-cache-as-bitmap" "5.3.7"
    "@pixi/mixin-get-child-by-name" "5.3.7"
    "@pixi/mixin-get-global-position" "5.3.7"
    "@pixi/particles" "5.3.7"
    "@pixi/polyfill" "5.3.7"
    "@pixi/prepare" "5.3.7"
    "@pixi/runner" "5.3.7"
    "@pixi/settings" "5.3.7"
    "@pixi/sprite" "5.3.7"
    "@pixi/sprite-animated" "5.3.7"
    "@pixi/sprite-tiling" "5.3.7"
    "@pixi/spritesheet" "5.3.7"
    "@pixi/text" "5.3.7"
    "@pixi/text-bitmap" "5.3.7"
    "@pixi/ticker" "5.3.7"
    "@pixi/utils" "5.3.7"

postcss@^8.2.1:
  version "8.2.6"
  resolved "https://registry.npm.taobao.org/postcss/download/postcss-8.2.6.tgz#5d69a974543b45f87e464bc4c3e392a97d6be9fe"
  integrity sha1-XWmpdFQ7Rfh+RkvEw+OSqX1r6f4=
  dependencies:
    colorette "^1.2.1"
    nanoid "^3.1.20"
    source-map "^0.6.1"

punycode@1.3.2:
  version "1.3.2"
  resolved "https://registry.npm.taobao.org/punycode/download/punycode-1.3.2.tgz#9653a036fb7c1ee42342f2325cceefea3926c48d"
  integrity sha1-llOgNvt8HuQjQvIyXM7v6jkmxI0=

querystring@0.2.0:
  version "0.2.0"
  resolved "https://registry.npm.taobao.org/querystring/download/querystring-0.2.0.tgz#b209849203bb25df820da756e747005878521620"
  integrity sha1-sgmEkgO7Jd+CDadW50cAWHhSFiA=

resolve@^1.19.0:
  version "1.20.0"
  resolved "https://registry.npm.taobao.org/resolve/download/resolve-1.20.0.tgz#629a013fb3f70755d6f0b7935cc1c2c5378b1975"
  integrity sha1-YpoBP7P3B1XW8LeTXMHCxTeLGXU=
  dependencies:
    is-core-module "^2.2.0"
    path-parse "^1.0.6"

resource-loader@^3.0.1:
  version "3.0.1"
  resolved "https://registry.npm.taobao.org/resource-loader/download/resource-loader-3.0.1.tgz#33355bb5421e2994f59454bbc7f6dbff8df06d47"
  integrity sha1-MzVbtUIeKZT1lFS7x/bb/43wbUc=
  dependencies:
    mini-signals "^1.2.0"
    parse-uri "^1.0.0"

rollup@^2.38.5:
  version "2.39.0"
  resolved "https://registry.npm.taobao.org/rollup/download/rollup-2.39.0.tgz?cache=0&sync_timestamp=1613146023169&other_urls=https%3A%2F%2Fregistry.npm.taobao.org%2Frollup%2Fdownload%2Frollup-2.39.0.tgz#be4f98c9e421793a8fec82c854fb567c35e22ab6"
  integrity sha1-vk+YyeQheTqP7ILIVPtWfDXiKrY=
  optionalDependencies:
    fsevents "~2.3.1"

shortid@^2.2.16:
  version "2.2.16"
  resolved "https://registry.npm.taobao.org/shortid/download/shortid-2.2.16.tgz#b742b8f0cb96406fd391c76bfc18a67a57fe5608"
  integrity sha1-t0K48MuWQG/Tkcdr/Bimelf+Vgg=
  dependencies:
    nanoid "^2.1.0"

source-map@^0.6.1:
  version "0.6.1"
  resolved "https://registry.npm.taobao.org/source-map/download/source-map-0.6.1.tgz#74722af32e9614e9c287a8d0bbde48b5e2f1a263"
  integrity sha1-dHIq8y6WFOnCh6jQu95IteLxomM=

url@^0.11.0:
  version "0.11.0"
  resolved "https://registry.npm.taobao.org/url/download/url-0.11.0.tgz#3838e97cfc60521eb73c525a8e55bfdd9e2e28f1"
  integrity sha1-ODjpfPxgUh63PFJajlW/3Z4uKPE=
  dependencies:
    punycode "1.3.2"
    querystring "0.2.0"

vite@^2.0.1:
  version "2.0.1"
  resolved "https://registry.npm.taobao.org/vite/download/vite-2.0.1.tgz#348fc5c0de510aa90bd01ecf87df210ce741b38e"
  integrity sha1-NI/FwN5RCqkL0B7Ph98hDOdBs44=
  dependencies:
    esbuild "^0.8.34"
    postcss "^8.2.1"
    resolve "^1.19.0"
    rollup "^2.38.5"
  optionalDependencies:
    fsevents "~2.3.1"
