# THIS IS AN AUTOGENERATED FILE. DO NOT EDIT THIS FILE DIRECTLY.
# yarn lockfile v1


"@calcit/procs@^0.3.6":
  version "0.3.6"
  resolved "https://registry.nlark.com/@calcit/procs/download/@calcit/procs-0.3.6.tgz#f811d6877d0f824b222506a5585f4481f4d7cd3e"
  integrity sha1-+BHWh30PgksiJQalWF9EgfTXzT4=
  dependencies:
    "@calcit/ternary-tree" "0.0.12"
    "@cirru/parser.ts" "^0.0.3"
    "@cirru/writer.ts" "^0.1.3"

"@calcit/ternary-tree@0.0.12":
  version "0.0.12"
  resolved "https://registry.nlark.com/@calcit/ternary-tree/download/@calcit/ternary-tree-0.0.12.tgz#30f33a61e713f48e338b9fd3fd5ad9eabf3d1bdd"
  integrity sha1-MPM6YecT9I4zi5/T/VrZ6r89G90=

"@cirru/parser.ts@^0.0.3":
  version "0.0.3"
  resolved "https://registry.nlark.com/@cirru/parser.ts/download/@cirru/parser.ts-0.0.3.tgz#b0ba91ac9812631d0ac0b943922ebb4d04314066"
  integrity sha1-sLqRrJgSYx0KwLlDki67TQQxQGY=

"@cirru/writer.ts@^0.1.3":
  version "0.1.3"
  resolved "https://registry.nlark.com/@cirru/writer.ts/download/@cirru/writer.ts-0.1.3.tgz#5f54bdecaa20ba3dab16cbe6da711854138a9c0a"
  integrity sha1-X1S97Koguj2rFsvm2nEYVBOKnAo=

"@pixi/accessibility@6.0.2":
  version "6.0.2"
  resolved "https://registry.npm.taobao.org/@pixi/accessibility/download/@pixi/accessibility-6.0.2.tgz#49c3d940ccf5360df64e354dcb75374f58795b62"
  integrity sha1-ScPZQMz1Ng32TjVNy3U3T1h5W2I=
  dependencies:
    "@pixi/canvas-renderer" "6.0.2"
    "@pixi/core" "6.0.2"
    "@pixi/display" "6.0.2"
    "@pixi/utils" "6.0.2"

"@pixi/app@6.0.2":
  version "6.0.2"
  resolved "https://registry.npm.taobao.org/@pixi/app/download/@pixi/app-6.0.2.tgz#bf6eb145b9c311047aa29ef84db22eb6a47b3696"
  integrity sha1-v26xRbnDEQR6op74TbIutqR7NpY=
  dependencies:
    "@pixi/core" "6.0.2"
    "@pixi/display" "6.0.2"

"@pixi/canvas-renderer@6.0.2":
  version "6.0.2"
  resolved "https://registry.npm.taobao.org/@pixi/canvas-renderer/download/@pixi/canvas-renderer-6.0.2.tgz#35b11e3c3ffca0dd68e37cac80159b0cd71df02f"
  integrity sha1-NbEePD/8oN1o43ysgBWbDNcd8C8=
  dependencies:
    "@pixi/constants" "6.0.2"
    "@pixi/core" "6.0.2"
    "@pixi/math" "6.0.2"
    "@pixi/settings" "6.0.2"
    "@pixi/utils" "6.0.2"

"@pixi/compressed-textures@6.0.2":
  version "6.0.2"
  resolved "https://registry.npm.taobao.org/@pixi/compressed-textures/download/@pixi/compressed-textures-6.0.2.tgz#bb5141fa4a184d3c488f8cddfeed49139b7ec8e4"
  integrity sha1-u1FB+koYTTxIj4zd/u1JE5t+yOQ=
  dependencies:
    "@pixi/constants" "6.0.2"
    "@pixi/core" "6.0.2"
    "@pixi/loaders" "6.0.2"

"@pixi/constants@6.0.2":
  version "6.0.2"
  resolved "https://registry.npm.taobao.org/@pixi/constants/download/@pixi/constants-6.0.2.tgz#40e9c6b811ef51f59c01ec18fb6b80aad0abd17b"
  integrity sha1-QOnGuBHvUfWcAewY+2uAqtCr0Xs=

"@pixi/core@6.0.2":
  version "6.0.2"
  resolved "https://registry.npm.taobao.org/@pixi/core/download/@pixi/core-6.0.2.tgz#f4ad52dda930b816188fc086d2245ceb89847547"
  integrity sha1-9K1S3akwuBYYj8CG0iRc64mEdUc=
  dependencies:
    "@pixi/constants" "6.0.2"
    "@pixi/math" "6.0.2"
    "@pixi/runner" "6.0.2"
    "@pixi/settings" "6.0.2"
    "@pixi/ticker" "6.0.2"
    "@pixi/utils" "6.0.2"

"@pixi/display@6.0.2":
  version "6.0.2"
  resolved "https://registry.npm.taobao.org/@pixi/display/download/@pixi/display-6.0.2.tgz#86833596e066874060d5ed770c08f27e3fe55918"
  integrity sha1-hoM1luBmh0Bg1e13DAjyfj/lWRg=
  dependencies:
    "@pixi/math" "6.0.2"
    "@pixi/settings" "6.0.2"
    "@pixi/utils" "6.0.2"

"@pixi/extract@6.0.2":
  version "6.0.2"
  resolved "https://registry.npm.taobao.org/@pixi/extract/download/@pixi/extract-6.0.2.tgz#dec9c33b9c610807699e211829c021e177f8b497"
  integrity sha1-3snDO5xhCAdpniEYKcAh4Xf4tJc=
  dependencies:
    "@pixi/core" "6.0.2"
    "@pixi/math" "6.0.2"
    "@pixi/utils" "6.0.2"

"@pixi/filter-alpha@6.0.2":
  version "6.0.2"
  resolved "https://registry.npm.taobao.org/@pixi/filter-alpha/download/@pixi/filter-alpha-6.0.2.tgz#71b4da79468bab9ee0520e62d04966d2191679d0"
  integrity sha1-cbTaeUaLq57gUg5i0Elm0hkWedA=
  dependencies:
    "@pixi/core" "6.0.2"

"@pixi/filter-blur@6.0.2":
  version "6.0.2"
  resolved "https://registry.npm.taobao.org/@pixi/filter-blur/download/@pixi/filter-blur-6.0.2.tgz#ebc67a29f2a9eb9ca4c6e3b00b9c42bda650429d"
  integrity sha1-68Z6KfKp65ykxuOwC5xCvaZQQp0=
  dependencies:
    "@pixi/core" "6.0.2"
    "@pixi/settings" "6.0.2"

"@pixi/filter-color-matrix@6.0.2":
  version "6.0.2"
  resolved "https://registry.npm.taobao.org/@pixi/filter-color-matrix/download/@pixi/filter-color-matrix-6.0.2.tgz#c110c1759af6ef594d2f5025eddf66146d75ce96"
  integrity sha1-wRDBdZr271lNL1Al7d9mFG11zpY=
  dependencies:
    "@pixi/core" "6.0.2"

"@pixi/filter-displacement@6.0.2":
  version "6.0.2"
  resolved "https://registry.npm.taobao.org/@pixi/filter-displacement/download/@pixi/filter-displacement-6.0.2.tgz#0c6096fb951015b8446cebf8ce4b02a57700c458"
  integrity sha1-DGCW+5UQFbhEbOv4zksCpXcAxFg=
  dependencies:
    "@pixi/core" "6.0.2"
    "@pixi/math" "6.0.2"

"@pixi/filter-fxaa@6.0.2":
  version "6.0.2"
  resolved "https://registry.npm.taobao.org/@pixi/filter-fxaa/download/@pixi/filter-fxaa-6.0.2.tgz#ab5d6dd18c287bea9e2d7b8bad30b16e2ba435ea"
  integrity sha1-q11t0Ywoe+qeLXuLrTCxbiukNeo=
  dependencies:
    "@pixi/core" "6.0.2"

"@pixi/filter-noise@6.0.2":
  version "6.0.2"
  resolved "https://registry.npm.taobao.org/@pixi/filter-noise/download/@pixi/filter-noise-6.0.2.tgz#4829005fe99c56fc8a236f3d5ccc3173b770c11c"
  integrity sha1-SCkAX+mcVvyKI289XMwxc7dwwRw=
  dependencies:
    "@pixi/core" "6.0.2"

"@pixi/graphics@6.0.2":
  version "6.0.2"
  resolved "https://registry.npm.taobao.org/@pixi/graphics/download/@pixi/graphics-6.0.2.tgz#c8f4258b6e6fcfc41548d4046f243a7cca99eb85"
  integrity sha1-yPQli25vz8QVSNQEbyQ6fMqZ64U=
  dependencies:
    "@pixi/constants" "6.0.2"
    "@pixi/core" "6.0.2"
    "@pixi/display" "6.0.2"
    "@pixi/math" "6.0.2"
    "@pixi/sprite" "6.0.2"
    "@pixi/utils" "6.0.2"

"@pixi/interaction@6.0.2":
  version "6.0.2"
  resolved "https://registry.npm.taobao.org/@pixi/interaction/download/@pixi/interaction-6.0.2.tgz#eb6191ffff33f5c593a86896422c24e57d213d2c"
  integrity sha1-62GR//8z9cWTqGiWQiwk5X0hPSw=
  dependencies:
    "@pixi/core" "6.0.2"
    "@pixi/display" "6.0.2"
    "@pixi/math" "6.0.2"
    "@pixi/ticker" "6.0.2"
    "@pixi/utils" "6.0.2"

"@pixi/loaders@6.0.2":
  version "6.0.2"
  resolved "https://registry.npm.taobao.org/@pixi/loaders/download/@pixi/loaders-6.0.2.tgz#8de1aa8ff17f683e3e66b899f1490e182f79d887"
  integrity sha1-jeGqj/F/aD4+ZriZ8UkOGC952Ic=
  dependencies:
    "@pixi/constants" "6.0.2"
    "@pixi/core" "6.0.2"
    "@pixi/utils" "6.0.2"
    resource-loader "^3.0.1"

"@pixi/math@6.0.2":
  version "6.0.2"
  resolved "https://registry.npm.taobao.org/@pixi/math/download/@pixi/math-6.0.2.tgz#e9213bf006ef0362a9cbdd19fbbd334a3c6fd6ad"
  integrity sha1-6SE78AbvA2Kpy90Z+70zSjxv1q0=

"@pixi/mesh-extras@6.0.2":
  version "6.0.2"
  resolved "https://registry.npm.taobao.org/@pixi/mesh-extras/download/@pixi/mesh-extras-6.0.2.tgz#340a70f8f4e87112bbfe234b5d33d0037cf33abd"
  integrity sha1-NApw+PTocRK7/iNLXTPQA3zzOr0=
  dependencies:
    "@pixi/constants" "6.0.2"
    "@pixi/core" "6.0.2"
    "@pixi/math" "6.0.2"
    "@pixi/mesh" "6.0.2"
    "@pixi/utils" "6.0.2"

"@pixi/mesh@6.0.2":
  version "6.0.2"
  resolved "https://registry.npm.taobao.org/@pixi/mesh/download/@pixi/mesh-6.0.2.tgz#e4bec67c23fbaf9449a9cece453406768428012a"
  integrity sha1-5L7GfCP7r5RJqc7ORTQGdoQoASo=
  dependencies:
    "@pixi/constants" "6.0.2"
    "@pixi/core" "6.0.2"
    "@pixi/display" "6.0.2"
    "@pixi/math" "6.0.2"
    "@pixi/settings" "6.0.2"
    "@pixi/utils" "6.0.2"

"@pixi/mixin-cache-as-bitmap@6.0.2":
  version "6.0.2"
  resolved "https://registry.npm.taobao.org/@pixi/mixin-cache-as-bitmap/download/@pixi/mixin-cache-as-bitmap-6.0.2.tgz#34f972516e502c12f484762e67095e2a6275676a"
  integrity sha1-NPlyUW5QLBL0hHYuZwleKmJ1Z2o=
  dependencies:
    "@pixi/canvas-renderer" "6.0.2"
    "@pixi/core" "6.0.2"
    "@pixi/display" "6.0.2"
    "@pixi/math" "6.0.2"
    "@pixi/settings" "6.0.2"
    "@pixi/sprite" "6.0.2"
    "@pixi/utils" "6.0.2"

"@pixi/mixin-get-child-by-name@6.0.2":
  version "6.0.2"
  resolved "https://registry.npm.taobao.org/@pixi/mixin-get-child-by-name/download/@pixi/mixin-get-child-by-name-6.0.2.tgz#e404c6205402a31ed576180f36bf676e884e9125"
  integrity sha1-5ATGIFQCox7VdhgPNr9nbohOkSU=
  dependencies:
    "@pixi/display" "6.0.2"

"@pixi/mixin-get-global-position@6.0.2":
  version "6.0.2"
  resolved "https://registry.npm.taobao.org/@pixi/mixin-get-global-position/download/@pixi/mixin-get-global-position-6.0.2.tgz#498ae449ff862902f18a4f76fc7b5261df0eb355"
  integrity sha1-SYrkSf+GKQLxik92/HtSYd8Os1U=
  dependencies:
    "@pixi/display" "6.0.2"
    "@pixi/math" "6.0.2"

"@pixi/particles@6.0.2":
  version "6.0.2"
  resolved "https://registry.npm.taobao.org/@pixi/particles/download/@pixi/particles-6.0.2.tgz#5d3378da7accf03b9a5cf53c473c1cf08f056116"
  integrity sha1-XTN42nrM8DuaXPU8Rzwc8I8FYRY=
  dependencies:
    "@pixi/constants" "6.0.2"
    "@pixi/core" "6.0.2"
    "@pixi/display" "6.0.2"
    "@pixi/math" "6.0.2"
    "@pixi/utils" "6.0.2"

"@pixi/polyfill@6.0.2":
  version "6.0.2"
  resolved "https://registry.npm.taobao.org/@pixi/polyfill/download/@pixi/polyfill-6.0.2.tgz#8e4d8f9dc71fae3ce16882a1aeeec65ddc12b4d6"
  integrity sha1-jk2PnccfrjzhaIKhru7GXdwStNY=
  dependencies:
    object-assign "^4.1.1"
    promise-polyfill "^8.2.0"

"@pixi/prepare@6.0.2":
  version "6.0.2"
  resolved "https://registry.npm.taobao.org/@pixi/prepare/download/@pixi/prepare-6.0.2.tgz#5106420a9224002f0cca05d802760e66a6da3828"
  integrity sha1-UQZCCpIkAC8MygXYAnYOZqbaOCg=
  dependencies:
    "@pixi/core" "6.0.2"
    "@pixi/display" "6.0.2"
    "@pixi/graphics" "6.0.2"
    "@pixi/settings" "6.0.2"
    "@pixi/text" "6.0.2"
    "@pixi/ticker" "6.0.2"

"@pixi/runner@6.0.2":
  version "6.0.2"
  resolved "https://registry.npm.taobao.org/@pixi/runner/download/@pixi/runner-6.0.2.tgz#5e8f38c0d0472d0a81e34ee0cd263529d6ad4021"
  integrity sha1-Xo84wNBHLQqB407gzSY1KdatQCE=

"@pixi/settings@6.0.2":
  version "6.0.2"
  resolved "https://registry.npm.taobao.org/@pixi/settings/download/@pixi/settings-6.0.2.tgz#48108e2b68be76c1146a7322dacf8ea556513788"
  integrity sha1-SBCOK2i+dsEUanMi2s+OpVZRN4g=
  dependencies:
    ismobilejs "^1.1.0"

"@pixi/sprite-animated@6.0.2":
  version "6.0.2"
  resolved "https://registry.npm.taobao.org/@pixi/sprite-animated/download/@pixi/sprite-animated-6.0.2.tgz#2713d5c5f7dfa0e8b5e6d83a27a1a72aecf4dfe2"
  integrity sha1-JxPVxfffoOi15tg6J6GnKuz03+I=
  dependencies:
    "@pixi/core" "6.0.2"
    "@pixi/sprite" "6.0.2"
    "@pixi/ticker" "6.0.2"

"@pixi/sprite-tiling@6.0.2":
  version "6.0.2"
  resolved "https://registry.npm.taobao.org/@pixi/sprite-tiling/download/@pixi/sprite-tiling-6.0.2.tgz#eba453609471bd4a95cb4e5b6d5a1fc0c428e666"
  integrity sha1-66RTYJRxvUqVy05bbVofwMQo5mY=
  dependencies:
    "@pixi/constants" "6.0.2"
    "@pixi/core" "6.0.2"
    "@pixi/display" "6.0.2"
    "@pixi/math" "6.0.2"
    "@pixi/sprite" "6.0.2"
    "@pixi/utils" "6.0.2"

"@pixi/sprite@6.0.2":
  version "6.0.2"
  resolved "https://registry.npm.taobao.org/@pixi/sprite/download/@pixi/sprite-6.0.2.tgz#5aadb94de74bd8f57618417fbf7eac443fb930d2"
  integrity sha1-Wq25TedL2PV2GEF/v36sRD+5MNI=
  dependencies:
    "@pixi/constants" "6.0.2"
    "@pixi/core" "6.0.2"
    "@pixi/display" "6.0.2"
    "@pixi/math" "6.0.2"
    "@pixi/settings" "6.0.2"
    "@pixi/utils" "6.0.2"

"@pixi/spritesheet@6.0.2":
  version "6.0.2"
  resolved "https://registry.npm.taobao.org/@pixi/spritesheet/download/@pixi/spritesheet-6.0.2.tgz#a25a5ccee6ef552009cc5a0db7a6d6fafc68224e"
  integrity sha1-olpczubvVSAJzFoNt6bW+vxoIk4=
  dependencies:
    "@pixi/core" "6.0.2"
    "@pixi/loaders" "6.0.2"
    "@pixi/math" "6.0.2"
    "@pixi/utils" "6.0.2"

"@pixi/text-bitmap@6.0.2":
  version "6.0.2"
  resolved "https://registry.npm.taobao.org/@pixi/text-bitmap/download/@pixi/text-bitmap-6.0.2.tgz#8d8707a5dbfecee740ac0f0d9f8f8b2a5659991b"
  integrity sha1-jYcHpdv+zudArA8Nn4+LKlZZmRs=
  dependencies:
    "@pixi/core" "6.0.2"
    "@pixi/display" "6.0.2"
    "@pixi/loaders" "6.0.2"
    "@pixi/math" "6.0.2"
    "@pixi/mesh" "6.0.2"
    "@pixi/settings" "6.0.2"
    "@pixi/text" "6.0.2"
    "@pixi/utils" "6.0.2"

"@pixi/text@6.0.2":
  version "6.0.2"
  resolved "https://registry.npm.taobao.org/@pixi/text/download/@pixi/text-6.0.2.tgz#f880685c9549ec94bbd0d3a9513a9cc001bb26c3"
  integrity sha1-+IBoXJVJ7JS70NOpUTqcwAG7JsM=
  dependencies:
    "@pixi/core" "6.0.2"
    "@pixi/math" "6.0.2"
    "@pixi/settings" "6.0.2"
    "@pixi/sprite" "6.0.2"
    "@pixi/utils" "6.0.2"

"@pixi/ticker@6.0.2":
  version "6.0.2"
  resolved "https://registry.npm.taobao.org/@pixi/ticker/download/@pixi/ticker-6.0.2.tgz#134288d3189f1b3d38391573d26102e24e919c6f"
  integrity sha1-E0KI0xifGz04ORVz0mEC4k6RnG8=
  dependencies:
    "@pixi/settings" "6.0.2"

"@pixi/utils@6.0.2":
  version "6.0.2"
  resolved "https://registry.npm.taobao.org/@pixi/utils/download/@pixi/utils-6.0.2.tgz#f4feb4bd62f50af2cfa05674fb783703719fa012"
  integrity sha1-9P60vWL1CvLPoFZ0+3g3A3GfoBI=
  dependencies:
    "@pixi/constants" "6.0.2"
    "@pixi/settings" "6.0.2"
    "@types/earcut" "^2.1.0"
    earcut "^2.2.2"
    eventemitter3 "^3.1.0"
    url "^0.11.0"

"@quamolit/phlox-utils@^0.0.1":
  version "0.0.1"
  resolved "https://registry.nlark.com/@quamolit/phlox-utils/download/@quamolit/phlox-utils-0.0.1.tgz#65c5c83999f6256baa0e4fb2f7c164e97da0c122"
  integrity sha1-ZcXIOZn2JWuqDk+y98Fk6X2gwSI=

"@types/earcut@^2.1.0":
  version "2.1.1"
  resolved "https://registry.npm.taobao.org/@types/earcut/download/@types/earcut-2.1.1.tgz#573a0af609f17005c751f6f4ffec49cfe358ea51"
  integrity sha1-VzoK9gnxcAXHUfb0/+xJz+NY6lE=

colorette@^1.2.2:
  version "1.2.2"
  resolved "https://registry.npm.taobao.org/colorette/download/colorette-1.2.2.tgz?cache=0&sync_timestamp=1614259647923&other_urls=https%3A%2F%2Fregistry.npm.taobao.org%2Fcolorette%2Fdownload%2Fcolorette-1.2.2.tgz#cbcc79d5e99caea2dbf10eb3a26fd8b3e6acfa94"
  integrity sha1-y8x51emcrqLb8Q6zom/Ys+as+pQ=

earcut@^2.2.2:
  version "2.2.2"
  resolved "https://registry.npm.taobao.org/earcut/download/earcut-2.2.2.tgz#41b0bc35f63e0fe80da7cddff28511e7e2e80d11"
  integrity sha1-QbC8NfY+D+gNp83f8oUR5+LoDRE=

esbuild@^0.9.3:
  version "0.9.7"
  resolved "https://registry.nlark.com/esbuild/download/esbuild-0.9.7.tgz?cache=0&sync_timestamp=1619995973708&other_urls=https%3A%2F%2Fregistry.nlark.com%2Fesbuild%2Fdownload%2Fesbuild-0.9.7.tgz#ea0d639cbe4b88ec25fbed4d6ff00c8d788ef70b"
  integrity sha1-6g1jnL5LiOwl++1Nb/AMjXiO9ws=

eventemitter3@^3.1.0:
  version "3.1.2"
  resolved "https://registry.nlark.com/eventemitter3/download/eventemitter3-3.1.2.tgz#2d3d48f9c346698fce83a85d7d664e98535df6e7"
  integrity sha1-LT1I+cNGaY/Og6hdfWZOmFNd9uc=

fontfaceobserver-es@^3.3.3:
  version "3.3.3"
  resolved "https://registry.nlark.com/fontfaceobserver-es/download/fontfaceobserver-es-3.3.3.tgz#b8fa6b774592c53d4ff98b031f97f15f9bdc4d83"
  integrity sha1-uPprd0WSxT1P+YsDH5fxX5vcTYM=

fsevents@~2.3.1:
  version "2.3.2"
  resolved "https://registry.nlark.com/fsevents/download/fsevents-2.3.2.tgz#8a526f78b8fdf4623b709e0b975c52c24c02fd1a"
  integrity sha1-ilJveLj99GI7cJ4Ll1xSwkwC/Ro=

function-bind@^1.1.1:
  version "1.1.1"
  resolved "https://registry.npm.taobao.org/function-bind/download/function-bind-1.1.1.tgz#a56899d3ea3c9bab874bb9773b7c5ede92f4895d"
  integrity sha1-pWiZ0+o8m6uHS7l3O3xe3pL0iV0=

has@^1.0.3:
  version "1.0.3"
  resolved "https://registry.nlark.com/has/download/has-1.0.3.tgz?cache=0&sync_timestamp=1618847173393&other_urls=https%3A%2F%2Fregistry.nlark.com%2Fhas%2Fdownload%2Fhas-1.0.3.tgz#722d7cbfc1f6aa8241f16dd814e011e1f41e8796"
  integrity sha1-ci18v8H2qoJB8W3YFOAR4fQeh5Y=
  dependencies:
    function-bind "^1.1.1"

is-core-module@^2.2.0:
  version "2.3.0"
  resolved "https://registry.nlark.com/is-core-module/download/is-core-module-2.3.0.tgz#d341652e3408bca69c4671b79a0954a3d349f887"
  integrity sha1-00FlLjQIvKacRnG3mglUo9NJ+Ic=
  dependencies:
    has "^1.0.3"

ismobilejs@^1.1.0:
  version "1.1.1"
  resolved "https://registry.npm.taobao.org/ismobilejs/download/ismobilejs-1.1.1.tgz#c56ca0ae8e52b24ca0f22ba5ef3215a2ddbbaa0e"
  integrity sha1-xWygro5Sskyg8iul7zIVot27qg4=

mini-signals@^1.2.0:
  version "1.2.0"
  resolved "https://registry.npm.taobao.org/mini-signals/download/mini-signals-1.2.0.tgz#45b08013c5fae51a24aa1a935cd317c9ed721d74"
  integrity sha1-RbCAE8X65RokqhqTXNMXye1yHXQ=

nanoid@^2.1.0:
  version "2.1.11"
  resolved "https://registry.npm.taobao.org/nanoid/download/nanoid-2.1.11.tgz?cache=0&sync_timestamp=1615820310415&other_urls=https%3A%2F%2Fregistry.npm.taobao.org%2Fnanoid%2Fdownload%2Fnanoid-2.1.11.tgz#ec24b8a758d591561531b4176a01e3ab4f0f0280"
  integrity sha1-7CS4p1jVkVYVMbQXagHjq08PAoA=

nanoid@^3.1.22:
  version "3.1.22"
  resolved "https://registry.npm.taobao.org/nanoid/download/nanoid-3.1.22.tgz?cache=0&sync_timestamp=1615820310415&other_urls=https%3A%2F%2Fregistry.npm.taobao.org%2Fnanoid%2Fdownload%2Fnanoid-3.1.22.tgz#b35f8fb7d151990a8aebd5aa5015c03cf726f844"
  integrity sha1-s1+Pt9FRmQqK69WqUBXAPPcm+EQ=

object-assign@^4.1.1:
  version "4.1.1"
  resolved "https://registry.nlark.com/object-assign/download/object-assign-4.1.1.tgz?cache=0&sync_timestamp=1618847198142&other_urls=https%3A%2F%2Fregistry.nlark.com%2Fobject-assign%2Fdownload%2Fobject-assign-4.1.1.tgz#2109adc7965887cfc05cbbd442cac8bfbb360863"
  integrity sha1-IQmtx5ZYh8/AXLvUQsrIv7s2CGM=

parse-uri@^1.0.0:
  version "1.0.3"
  resolved "https://registry.npm.taobao.org/parse-uri/download/parse-uri-1.0.3.tgz#f3c24a74907a4e357c1741e96ca9faadecfd6db5"
  integrity sha1-88JKdJB6TjV8F0HpbKn6rez9bbU=

path-parse@^1.0.6:
  version "1.0.6"
  resolved "https://registry.nlark.com/path-parse/download/path-parse-1.0.6.tgz#d62dbb5679405d72c4737ec58600e9ddcf06d24c"
  integrity sha1-1i27VnlAXXLEc37FhgDp3c8G0kw=

pixi.js@^6.0.2:
  version "6.0.2"
  resolved "https://registry.npm.taobao.org/pixi.js/download/pixi.js-6.0.2.tgz#0ee9e51c6fcd49415afdd042982bae08c9821709"
  integrity sha1-DunlHG/NSUFa/dBCmCuuCMmCFwk=
  dependencies:
    "@pixi/accessibility" "6.0.2"
    "@pixi/app" "6.0.2"
    "@pixi/compressed-textures" "6.0.2"
    "@pixi/constants" "6.0.2"
    "@pixi/core" "6.0.2"
    "@pixi/display" "6.0.2"
    "@pixi/extract" "6.0.2"
    "@pixi/filter-alpha" "6.0.2"
    "@pixi/filter-blur" "6.0.2"
    "@pixi/filter-color-matrix" "6.0.2"
    "@pixi/filter-displacement" "6.0.2"
    "@pixi/filter-fxaa" "6.0.2"
    "@pixi/filter-noise" "6.0.2"
    "@pixi/graphics" "6.0.2"
    "@pixi/interaction" "6.0.2"
    "@pixi/loaders" "6.0.2"
    "@pixi/math" "6.0.2"
    "@pixi/mesh" "6.0.2"
    "@pixi/mesh-extras" "6.0.2"
    "@pixi/mixin-cache-as-bitmap" "6.0.2"
    "@pixi/mixin-get-child-by-name" "6.0.2"
    "@pixi/mixin-get-global-position" "6.0.2"
    "@pixi/particles" "6.0.2"
    "@pixi/polyfill" "6.0.2"
    "@pixi/prepare" "6.0.2"
    "@pixi/runner" "6.0.2"
    "@pixi/settings" "6.0.2"
    "@pixi/sprite" "6.0.2"
    "@pixi/sprite-animated" "6.0.2"
    "@pixi/sprite-tiling" "6.0.2"
    "@pixi/spritesheet" "6.0.2"
    "@pixi/text" "6.0.2"
    "@pixi/text-bitmap" "6.0.2"
    "@pixi/ticker" "6.0.2"
    "@pixi/utils" "6.0.2"

postcss@^8.2.1:
  version "8.2.13"
  resolved "https://registry.nlark.com/postcss/download/postcss-8.2.13.tgz?cache=0&sync_timestamp=1619440039303&other_urls=https%3A%2F%2Fregistry.nlark.com%2Fpostcss%2Fdownload%2Fpostcss-8.2.13.tgz#dbe043e26e3c068e45113b1ed6375d2d37e2129f"
  integrity sha1-2+BD4m48Bo5FETse1jddLTfiEp8=
  dependencies:
    colorette "^1.2.2"
    nanoid "^3.1.22"
    source-map "^0.6.1"

promise-polyfill@^8.2.0:
  version "8.2.0"
  resolved "https://registry.npm.taobao.org/promise-polyfill/download/promise-polyfill-8.2.0.tgz#367394726da7561457aba2133c9ceefbd6267da0"
  integrity sha1-NnOUcm2nVhRXq6ITPJzu+9YmfaA=

punycode@1.3.2:
  version "1.3.2"
  resolved "https://registry.npm.taobao.org/punycode/download/punycode-1.3.2.tgz#9653a036fb7c1ee42342f2325cceefea3926c48d"
  integrity sha1-llOgNvt8HuQjQvIyXM7v6jkmxI0=

querystring@0.2.0:
  version "0.2.0"
  resolved "https://registry.npm.taobao.org/querystring/download/querystring-0.2.0.tgz#b209849203bb25df820da756e747005878521620"
  integrity sha1-sgmEkgO7Jd+CDadW50cAWHhSFiA=

resolve@^1.19.0:
  version "1.20.0"
  resolved "https://registry.nlark.com/resolve/download/resolve-1.20.0.tgz?cache=0&sync_timestamp=1618846903792&other_urls=https%3A%2F%2Fregistry.nlark.com%2Fresolve%2Fdownload%2Fresolve-1.20.0.tgz#629a013fb3f70755d6f0b7935cc1c2c5378b1975"
  integrity sha1-YpoBP7P3B1XW8LeTXMHCxTeLGXU=
  dependencies:
    is-core-module "^2.2.0"
    path-parse "^1.0.6"

resource-loader@^3.0.1:
  version "3.0.1"
  resolved "https://registry.npm.taobao.org/resource-loader/download/resource-loader-3.0.1.tgz#33355bb5421e2994f59454bbc7f6dbff8df06d47"
  integrity sha1-MzVbtUIeKZT1lFS7x/bb/43wbUc=
  dependencies:
    mini-signals "^1.2.0"
    parse-uri "^1.0.0"

rollup@^2.38.5:
  version "2.47.0"
  resolved "https://registry.nlark.com/rollup/download/rollup-2.47.0.tgz?cache=0&sync_timestamp=1620104691023&other_urls=https%3A%2F%2Fregistry.nlark.com%2Frollup%2Fdownload%2Frollup-2.47.0.tgz#9d958aeb2c0f6a383cacc0401dff02b6e252664d"
  integrity sha1-nZWK6ywPajg8rMBAHf8CtuJSZk0=
  optionalDependencies:
    fsevents "~2.3.1"

shortid@^2.2.16:
  version "2.2.16"
  resolved "https://registry.npm.taobao.org/shortid/download/shortid-2.2.16.tgz#b742b8f0cb96406fd391c76bfc18a67a57fe5608"
  integrity sha1-t0K48MuWQG/Tkcdr/Bimelf+Vgg=
  dependencies:
    nanoid "^2.1.0"

source-map@^0.6.1:
  version "0.6.1"
  resolved "https://registry.npm.taobao.org/source-map/download/source-map-0.6.1.tgz#74722af32e9614e9c287a8d0bbde48b5e2f1a263"
  integrity sha1-dHIq8y6WFOnCh6jQu95IteLxomM=

url@^0.11.0:
  version "0.11.0"
  resolved "https://registry.nlark.com/url/download/url-0.11.0.tgz?cache=0&sync_timestamp=1618846783692&other_urls=https%3A%2F%2Fregistry.nlark.com%2Furl%2Fdownload%2Furl-0.11.0.tgz#3838e97cfc60521eb73c525a8e55bfdd9e2e28f1"
  integrity sha1-ODjpfPxgUh63PFJajlW/3Z4uKPE=
  dependencies:
    punycode "1.3.2"
    querystring "0.2.0"

vite@^2.2.4:
  version "2.2.4"
  resolved "https://registry.nlark.com/vite/download/vite-2.2.4.tgz#8f9cc85aacab04c850085894b086c8717f12ed16"
  integrity sha1-j5zIWqyrBMhQCFiUsIbIcX8S7RY=
  dependencies:
    esbuild "^0.9.3"
    postcss "^8.2.1"
    resolve "^1.19.0"
    rollup "^2.38.5"
  optionalDependencies:
    fsevents "~2.3.1"
