# THIS IS AN AUTOGENERATED FILE. DO NOT EDIT THIS FILE DIRECTLY.
# yarn lockfile v1


"@calcit/procs@^0.6.26":
  version "0.6.26"
  resolved "https://registry.yarnpkg.com/@calcit/procs/-/procs-0.6.26.tgz#6b5aae18f71b4a2ebdc417fe0ff0e3c97d98ee9d"
  integrity sha512-waiiKuhGqXQaRphu7qyen9eweGUqYSZpTNDZHEzo1TBw+A0dbzujq5JGgubwEEtRaEz2kWt4dhjQP1hvqstezw==
  dependencies:
    "@calcit/ternary-tree" "0.0.19"
    "@cirru/parser.ts" "^0.0.6"
    "@cirru/writer.ts" "^0.1.3"

"@calcit/ternary-tree@0.0.19":
  version "0.0.19"
  resolved "https://registry.yarnpkg.com/@calcit/ternary-tree/-/ternary-tree-0.0.19.tgz#b5b33a3d07a9e603feeef7cd642958c83628122f"
  integrity sha512-dn2kNlcOQOPtCAeE68MHcRgrZzRP+jNKBmDW2wO0S8HTUA2SeAbpzZoK0HfcTHFmlGl6yKpjZ95rICQ319AjcA==

"@cirru/parser.ts@^0.0.6":
  version "0.0.6"
  resolved "https://registry.yarnpkg.com/@cirru/parser.ts/-/parser.ts-0.0.6.tgz#b95a84e02273fcbd71ff100925782b6f86410234"
  integrity sha512-qpDNPq+IuuwYjQFI+wzpd3ntbF7lwJs90v1XWyLQbL9Ru4ld4aHxVGwW/9F/QOu5mEGCMXtagCoYDf0HtOpDZg==

"@cirru/writer.ts@^0.1.3":
  version "0.1.3"
  resolved "https://registry.yarnpkg.com/@cirru/writer.ts/-/writer.ts-0.1.3.tgz#5f54bdecaa20ba3dab16cbe6da711854138a9c0a"
  integrity sha512-vJnhmhm7we5UfQIwmZfQpF3bAFbVybzT6LbmkbQHxgijaQg3gPfNVsnSIa3g3KpmWVtvkzEx+nUy5aMwsJiV1A==

"@esbuild/android-arm64@0.17.14":
  version "0.17.14"
  resolved "https://registry.yarnpkg.com/@esbuild/android-arm64/-/android-arm64-0.17.14.tgz#4624cea3c8941c91f9e9c1228f550d23f1cef037"
  integrity sha512-eLOpPO1RvtsP71afiFTvS7tVFShJBCT0txiv/xjFBo5a7R7Gjw7X0IgIaFoLKhqXYAXhahoXm7qAmRXhY4guJg==

"@esbuild/android-arm@0.17.14":
  version "0.17.14"
  resolved "https://registry.yarnpkg.com/@esbuild/android-arm/-/android-arm-0.17.14.tgz#74fae60fcab34c3f0e15cb56473a6091ba2b53a6"
  integrity sha512-0CnlwnjDU8cks0yJLXfkaU/uoLyRf9VZJs4p1PskBr2AlAHeEsFEwJEo0of/Z3g+ilw5mpyDwThlxzNEIxOE4g==

"@esbuild/android-x64@0.17.14":
  version "0.17.14"
  resolved "https://registry.yarnpkg.com/@esbuild/android-x64/-/android-x64-0.17.14.tgz#f002fbc08d5e939d8314bd23bcfb1e95d029491f"
  integrity sha512-nrfQYWBfLGfSGLvRVlt6xi63B5IbfHm3tZCdu/82zuFPQ7zez4XjmRtF/wIRYbJQ/DsZrxJdEvYFE67avYXyng==

"@esbuild/darwin-arm64@0.17.14":
  version "0.17.14"
  resolved "https://registry.yarnpkg.com/@esbuild/darwin-arm64/-/darwin-arm64-0.17.14.tgz#b8dcd79a1dd19564950b4ca51d62999011e2e168"
  integrity sha512-eoSjEuDsU1ROwgBH/c+fZzuSyJUVXQTOIN9xuLs9dE/9HbV/A5IqdXHU1p2OfIMwBwOYJ9SFVGGldxeRCUJFyw==

"@esbuild/darwin-x64@0.17.14":
  version "0.17.14"
  resolved "https://registry.yarnpkg.com/@esbuild/darwin-x64/-/darwin-x64-0.17.14.tgz#4b49f195d9473625efc3c773fc757018f2c0d979"
  integrity sha512-zN0U8RWfrDttdFNkHqFYZtOH8hdi22z0pFm0aIJPsNC4QQZv7je8DWCX5iA4Zx6tRhS0CCc0XC2m7wKsbWEo5g==

"@esbuild/freebsd-arm64@0.17.14":
  version "0.17.14"
  resolved "https://registry.yarnpkg.com/@esbuild/freebsd-arm64/-/freebsd-arm64-0.17.14.tgz#480923fd38f644c6342c55e916cc7c231a85eeb7"
  integrity sha512-z0VcD4ibeZWVQCW1O7szaLxGsx54gcCnajEJMdYoYjLiq4g1jrP2lMq6pk71dbS5+7op/L2Aod+erw+EUr28/A==

"@esbuild/freebsd-x64@0.17.14":
  version "0.17.14"
  resolved "https://registry.yarnpkg.com/@esbuild/freebsd-x64/-/freebsd-x64-0.17.14.tgz#a6b6b01954ad8562461cb8a5e40e8a860af69cbe"
  integrity sha512-hd9mPcxfTgJlolrPlcXkQk9BMwNBvNBsVaUe5eNUqXut6weDQH8whcNaKNF2RO8NbpT6GY8rHOK2A9y++s+ehw==

"@esbuild/linux-arm64@0.17.14":
  version "0.17.14"
  resolved "https://registry.yarnpkg.com/@esbuild/linux-arm64/-/linux-arm64-0.17.14.tgz#1fe2f39f78183b59f75a4ad9c48d079916d92418"
  integrity sha512-FhAMNYOq3Iblcj9i+K0l1Fp/MHt+zBeRu/Qkf0LtrcFu3T45jcwB6A1iMsemQ42vR3GBhjNZJZTaCe3VFPbn9g==

"@esbuild/linux-arm@0.17.14":
  version "0.17.14"
  resolved "https://registry.yarnpkg.com/@esbuild/linux-arm/-/linux-arm-0.17.14.tgz#18d594a49b64e4a3a05022c005cb384a58056a2a"
  integrity sha512-BNTl+wSJ1omsH8s3TkQmIIIQHwvwJrU9u1ggb9XU2KTVM4TmthRIVyxSp2qxROJHhZuW/r8fht46/QE8hU8Qvg==

"@esbuild/linux-ia32@0.17.14":
  version "0.17.14"
  resolved "https://registry.yarnpkg.com/@esbuild/linux-ia32/-/linux-ia32-0.17.14.tgz#f7f0182a9cfc0159e0922ed66c805c9c6ef1b654"
  integrity sha512-91OK/lQ5y2v7AsmnFT+0EyxdPTNhov3y2CWMdizyMfxSxRqHazXdzgBKtlmkU2KYIc+9ZK3Vwp2KyXogEATYxQ==

"@esbuild/linux-loong64@0.17.14":
  version "0.17.14"
  resolved "https://registry.yarnpkg.com/@esbuild/linux-loong64/-/linux-loong64-0.17.14.tgz#5f5305fdffe2d71dd9a97aa77d0c99c99409066f"
  integrity sha512-vp15H+5NR6hubNgMluqqKza85HcGJgq7t6rMH7O3Y6ApiOWPkvW2AJfNojUQimfTp6OUrACUXfR4hmpcENXoMQ==

"@esbuild/linux-mips64el@0.17.14":
  version "0.17.14"
  resolved "https://registry.yarnpkg.com/@esbuild/linux-mips64el/-/linux-mips64el-0.17.14.tgz#a602e85c51b2f71d2aedfe7f4143b2f92f97f3f5"
  integrity sha512-90TOdFV7N+fgi6c2+GO9ochEkmm9kBAKnuD5e08GQMgMINOdOFHuYLPQ91RYVrnWwQ5683sJKuLi9l4SsbJ7Hg==

"@esbuild/linux-ppc64@0.17.14":
  version "0.17.14"
  resolved "https://registry.yarnpkg.com/@esbuild/linux-ppc64/-/linux-ppc64-0.17.14.tgz#32d918d782105cbd9345dbfba14ee018b9c7afdf"
  integrity sha512-NnBGeoqKkTugpBOBZZoktQQ1Yqb7aHKmHxsw43NddPB2YWLAlpb7THZIzsRsTr0Xw3nqiPxbA1H31ZMOG+VVPQ==

"@esbuild/linux-riscv64@0.17.14":
  version "0.17.14"
  resolved "https://registry.yarnpkg.com/@esbuild/linux-riscv64/-/linux-riscv64-0.17.14.tgz#38612e7b6c037dff7022c33f49ca17f85c5dec58"
  integrity sha512-0qdlKScLXA8MGVy21JUKvMzCYWovctuP8KKqhtE5A6IVPq4onxXhSuhwDd2g5sRCzNDlDjitc5sX31BzDoL5Fw==

"@esbuild/linux-s390x@0.17.14":
  version "0.17.14"
  resolved "https://registry.yarnpkg.com/@esbuild/linux-s390x/-/linux-s390x-0.17.14.tgz#4397dff354f899e72fd035d72af59a700c465ccb"
  integrity sha512-Hdm2Jo1yaaOro4v3+6/zJk6ygCqIZuSDJHdHaf8nVH/tfOuoEX5Riv03Ka15LmQBYJObUTNS1UdyoMk0WUn9Ww==

"@esbuild/linux-x64@0.17.14":
  version "0.17.14"
  resolved "https://registry.yarnpkg.com/@esbuild/linux-x64/-/linux-x64-0.17.14.tgz#6c5cb99891b6c3e0c08369da3ef465e8038ad9c2"
  integrity sha512-8KHF17OstlK4DuzeF/KmSgzrTWQrkWj5boluiiq7kvJCiQVzUrmSkaBvcLB2UgHpKENO2i6BthPkmUhNDaJsVw==

"@esbuild/netbsd-x64@0.17.14":
  version "0.17.14"
  resolved "https://registry.yarnpkg.com/@esbuild/netbsd-x64/-/netbsd-x64-0.17.14.tgz#5fa5255a64e9bf3947c1b3bef5e458b50b211994"
  integrity sha512-nVwpqvb3yyXztxIT2+VsxJhB5GCgzPdk1n0HHSnchRAcxqKO6ghXwHhJnr0j/B+5FSyEqSxF4q03rbA2fKXtUQ==

"@esbuild/openbsd-x64@0.17.14":
  version "0.17.14"
  resolved "https://registry.yarnpkg.com/@esbuild/openbsd-x64/-/openbsd-x64-0.17.14.tgz#74d14c79dcb6faf446878cc64284aa4e02f5ca6f"
  integrity sha512-1RZ7uQQ9zcy/GSAJL1xPdN7NDdOOtNEGiJalg/MOzeakZeTrgH/DoCkbq7TaPDiPhWqnDF+4bnydxRqQD7il6g==

"@esbuild/sunos-x64@0.17.14":
  version "0.17.14"
  resolved "https://registry.yarnpkg.com/@esbuild/sunos-x64/-/sunos-x64-0.17.14.tgz#5c7d1c7203781d86c2a9b2ff77bd2f8036d24cfa"
  integrity sha512-nqMjDsFwv7vp7msrwWRysnM38Sd44PKmW8EzV01YzDBTcTWUpczQg6mGao9VLicXSgW/iookNK6AxeogNVNDZA==

"@esbuild/win32-arm64@0.17.14":
  version "0.17.14"
  resolved "https://registry.yarnpkg.com/@esbuild/win32-arm64/-/win32-arm64-0.17.14.tgz#dc36ed84f1390e73b6019ccf0566c80045e5ca3d"
  integrity sha512-xrD0mccTKRBBIotrITV7WVQAwNJ5+1va6L0H9zN92v2yEdjfAN7864cUaZwJS7JPEs53bDTzKFbfqVlG2HhyKQ==

"@esbuild/win32-ia32@0.17.14":
  version "0.17.14"
  resolved "https://registry.yarnpkg.com/@esbuild/win32-ia32/-/win32-ia32-0.17.14.tgz#0802a107afa9193c13e35de15a94fe347c588767"
  integrity sha512-nXpkz9bbJrLLyUTYtRotSS3t5b+FOuljg8LgLdINWFs3FfqZMtbnBCZFUmBzQPyxqU87F8Av+3Nco/M3hEcu1w==

"@esbuild/win32-x64@0.17.14":
  version "0.17.14"
  resolved "https://registry.yarnpkg.com/@esbuild/win32-x64/-/win32-x64-0.17.14.tgz#e81fb49de05fed91bf74251c9ca0343f4fc77d31"
  integrity sha512-gPQmsi2DKTaEgG14hc3CHXHp62k8g6qr0Pas+I4lUxRMugGSATh/Bi8Dgusoz9IQ0IfdrvLpco6kujEIBoaogA==

"@pixi/accessibility@7.2.3":
  version "7.2.3"
  resolved "https://registry.yarnpkg.com/@pixi/accessibility/-/accessibility-7.2.3.tgz#865b57e3f02206c45f0d692cc32a3fed110ced7c"
  integrity sha512-uQ0JA/n1qF3UtWKF5nYnwH0X+qc23+jR4gzPuASrO8XlKQ/HmmiCs2vkUyJoA4vIXtyBmFxPC5Tmfex69NwnSQ==

"@pixi/app@7.2.3":
  version "7.2.3"
  resolved "https://registry.yarnpkg.com/@pixi/app/-/app-7.2.3.tgz#8c1c22d2fba707426b171c9f0493be5630e38f1a"
  integrity sha512-KK2KDozY987VPaMuXuL2q9vfJLZInxgITFi9QxEzcGxD4WWvVIdLBPOv3m18sB8i3HTafJb/b6x3n6/7RNhzEA==

"@pixi/assets@7.2.3":
  version "7.2.3"
  resolved "https://registry.yarnpkg.com/@pixi/assets/-/assets-7.2.3.tgz#13091db526162de2d9d892f18b6214a7f115368a"
  integrity sha512-hgekRX8ujawwOoysm+QPOP50yyn9UnQOnWzzZPzm6TYQ9hg6zyCpV9ycP0szhzDGGz0haqOj23pA2A2fE2ENIQ==
  dependencies:
    "@types/css-font-loading-module" "^0.0.7"

"@pixi/color@7.2.3":
  version "7.2.3"
  resolved "https://registry.yarnpkg.com/@pixi/color/-/color-7.2.3.tgz#663787be08942d4c52db387ba8d8be2544c7ceb1"
  integrity sha512-xhU2Hzuou9DhmQCvUPR5ZuoqAM6hV6OuuW2qk8aIKjFDrvtcTvwPHU3nLpIBNvRcEqkDBV5whBvaMTjjD/G1Cw==
  dependencies:
    colord "^2.9.3"

"@pixi/compressed-textures@7.2.3":
  version "7.2.3"
  resolved "https://registry.yarnpkg.com/@pixi/compressed-textures/-/compressed-textures-7.2.3.tgz#a5ec15ffcb42ff3b3b48d2bb0d1d04419f8f30c7"
  integrity sha512-yfbJlldX5LMYcwmDqW1RpZGHKSDuBUFvFe8+m1hq58GTQUW0Z7gtltr2nJJS0+tj65AETVzaXpKocd4auHLvPQ==

"@pixi/constants@7.2.3":
  version "7.2.3"
  resolved "https://registry.yarnpkg.com/@pixi/constants/-/constants-7.2.3.tgz#42604d2c08b30ee9aeadf7b2a4b9a79f4bee92b9"
  integrity sha512-Qo4IiAOvlxH8ci/GoR83NwM5KtaLLKQIoJTj6oG9D+ZJfy062t6040HgmZr/k0+6jqTESbWpH+J/LE7K9AIiQw==

"@pixi/core@7.2.3":
  version "7.2.3"
  resolved "https://registry.yarnpkg.com/@pixi/core/-/core-7.2.3.tgz#058434142280e66dc4dcc411a189bae287fdb317"
  integrity sha512-nQT4YFM4BwjBmW69tTLDJuP6qxodTR1QKnOxTugSkwnJoi0xyiXILryF/AVHqnPDYvdJ9iuORnVRcEuQfk436Q==
  dependencies:
    "@pixi/color" "7.2.3"
    "@pixi/constants" "7.2.3"
    "@pixi/extensions" "7.2.3"
    "@pixi/math" "7.2.3"
    "@pixi/runner" "7.2.3"
    "@pixi/settings" "7.2.3"
    "@pixi/ticker" "7.2.3"
    "@pixi/utils" "7.2.3"
    "@types/offscreencanvas" "^2019.6.4"

"@pixi/display@7.2.3":
  version "7.2.3"
  resolved "https://registry.yarnpkg.com/@pixi/display/-/display-7.2.3.tgz#da06c3bbe4a0ba5fbb6bf587570b602d8ae99a46"
  integrity sha512-bJGH9YpMCWCKKBNJ0Qkqg4BeprXx+tb0Dp1sxbWuqtgkWRHDmgMYZp55W6iZgrCq7ucW2rWXoZus4PWRM6BvZQ==

"@pixi/events@7.2.3":
  version "7.2.3"
  resolved "https://registry.yarnpkg.com/@pixi/events/-/events-7.2.3.tgz#9e2236156f041a61b01bf0962c0af54a9d4e88f2"
  integrity sha512-+XKBEr3ZULdYlov0up7PrcwJ9+cDvI2y+S+2xWMR9EmKTKgsCfAF3WNh1EfDM8Eixa+5FXvHceepBbyIbH7lTw==

"@pixi/extensions@7.2.3":
  version "7.2.3"
  resolved "https://registry.yarnpkg.com/@pixi/extensions/-/extensions-7.2.3.tgz#e57f8b0969a811f196d712bd3feb08b1c999add1"
  integrity sha512-HpNk531MEbIQtukGCuKI8JWhHTFL1wE8NMOQvtk1stJHZ19clLowHR8sTGnJhSfSWKcAF35u5vmTje5t5VvELQ==

"@pixi/extract@7.2.3":
  version "7.2.3"
  resolved "https://registry.yarnpkg.com/@pixi/extract/-/extract-7.2.3.tgz#b6b0349723df7a6a6acf200248c62bf87b7ddfcb"
  integrity sha512-TpZ8YGw3KiIjjX6HaW3yCdBKz+oANyQlla3d+GXckYuHGt50JyOtRN2ZjcGVYjNk9pDuPpSCIHOMqrB5rWO4ow==

"@pixi/filter-alpha@7.2.3":
  version "7.2.3"
  resolved "https://registry.yarnpkg.com/@pixi/filter-alpha/-/filter-alpha-7.2.3.tgz#e6fcbd9c0cfe0ef93251c15276bc465cdb18e5f2"
  integrity sha512-u7ipPjrLvJt0oB+s5O/SxsF/JOCo3QVZjqIaeD4LGKMaTcthzw/LS3K/5Lw+Vwz2hfVbrhgJRQMqaxAHRNzM1g==

"@pixi/filter-blur@7.2.3":
  version "7.2.3"
  resolved "https://registry.yarnpkg.com/@pixi/filter-blur/-/filter-blur-7.2.3.tgz#2de8eb029ac164de42764717979f79781815bcad"
  integrity sha512-CFGkb4tzhIVK4y18ZRERkBafV2NPI4mKXMFy3ThnmJNl20fuXt+F/7Qlnnhq2IFo9HhNlxW5hJCAOXodabX01Q==

"@pixi/filter-color-matrix@7.2.3":
  version "7.2.3"
  resolved "https://registry.yarnpkg.com/@pixi/filter-color-matrix/-/filter-color-matrix-7.2.3.tgz#8b295755cd4a311b64aff98d1170f20e69eabac3"
  integrity sha512-5oJ9LAXvQUDmcd/JNW42v8njdqgScGKzHiqaQL4oo37o80oiVaLbr9Kp3Q3LTmqM+7YzM0K2Mc7BjlBJMDlWjg==

"@pixi/filter-displacement@7.2.3":
  version "7.2.3"
  resolved "https://registry.yarnpkg.com/@pixi/filter-displacement/-/filter-displacement-7.2.3.tgz#801001b3991484be1ed61ae0e23d530e508b9eaa"
  integrity sha512-HZnEFgLAai4ycMVZ8HHGokFIc+tZfy2MYTiQBUDlgCkZjV5UGswjcOrKsbJRcICcTHg8zeAlt8VyHyk0Ct57VQ==

"@pixi/filter-drop-shadow@^5.2.0":
  version "5.2.0"
  resolved "https://registry.yarnpkg.com/@pixi/filter-drop-shadow/-/filter-drop-shadow-5.2.0.tgz#243db9a726d9eb58d39ec3e0305c059d8e3c08d9"
  integrity sha512-cYS2KDER7cwCu0V4VNSxTHGvzmNcEXdC9j3031YBOkUAE3+p17LMS/TAt6XeMfJV7KaPuusvXy2NFgGkv3RDbw==
  dependencies:
    "@pixi/filter-kawase-blur" "5.1.1"

"@pixi/filter-fxaa@7.2.3":
  version "7.2.3"
  resolved "https://registry.yarnpkg.com/@pixi/filter-fxaa/-/filter-fxaa-7.2.3.tgz#fb94ea95891ef74c7ce4a22dce3bb8e6bf63db0e"
  integrity sha512-bhWXxp3uV4zIz+DHH18/eXy3YcYr7PtY5XuyEVslKpYCi43Vy/ztZg3o24GBVC9r+8TDRiouDpo+6J0CclOIqQ==

"@pixi/filter-kawase-blur@5.1.1":
  version "5.1.1"
  resolved "https://registry.yarnpkg.com/@pixi/filter-kawase-blur/-/filter-kawase-blur-5.1.1.tgz#ddf31b06f65dc6a5579a4fe48229da184aa8cbed"
  integrity sha512-nPnJ1ChBFP+4pgFCwC0RJgHAJCetiHcQU3INH7zCdq88cFABmVmhN+wCKRNg4H7lF1EJjaXgFDkTrTreOD/bnw==

"@pixi/filter-noise@7.2.3":
  version "7.2.3"
  resolved "https://registry.yarnpkg.com/@pixi/filter-noise/-/filter-noise-7.2.3.tgz#9ddee40cb3df60fd761c6567acd725b2968c4f55"
  integrity sha512-ITHGobXsuM9pCwroJg1xNiULD0r3au4wqpRLXNOeqK7nWbUK3dP7/t9oIxon8RWVHMnVQeIk7zEGskqGaaLMCw==

"@pixi/graphics@7.2.3":
  version "7.2.3"
  resolved "https://registry.yarnpkg.com/@pixi/graphics/-/graphics-7.2.3.tgz#c34fc569e30cf3b14826db80cb889387a391f77c"
  integrity sha512-WHMRUSQNDaIT+pg/HD8VJQxs5PvazxRHMyCdmbl4TeaTj5H1w7njGvqtmD0RJshy52/PXbCEyTAkg3xKdrl60g==

"@pixi/math@7.2.3":
  version "7.2.3"
  resolved "https://registry.yarnpkg.com/@pixi/math/-/math-7.2.3.tgz#1c22010dd2ec3206ce29717836c8e7926e07216e"
  integrity sha512-aZgI5bz0aiKHh8X0a/sIKaWU78/tcpxpVfPt4IXYB/Yj4cskSwFoYS7a4kSv3s1bprpK/54hJK9x4RmHb/VPhQ==

"@pixi/mesh-extras@7.2.3":
  version "7.2.3"
  resolved "https://registry.yarnpkg.com/@pixi/mesh-extras/-/mesh-extras-7.2.3.tgz#9b6b3e01bcc103a5abe7f0af7de9a38fa9f9b6db"
  integrity sha512-Fa3E/wl6IJdbiQsiLDCEDUDq/jmFJJEgPLXMClm+56Av6L0BbvkZvf1eO1mdhbT4V7EFLPnqbE5S/wZBYeomEg==

"@pixi/mesh@7.2.3":
  version "7.2.3"
  resolved "https://registry.yarnpkg.com/@pixi/mesh/-/mesh-7.2.3.tgz#eeaec589b3644efc5abf259c448a336bce82bb1e"
  integrity sha512-5y329KPWDSiTZUj+4A/bhIpckgXPonAKUNnMjZgnX70zvuqVus59OCV8QC2NoJqSMUxgJbcntRx5lkb81NUWXQ==

"@pixi/mixin-cache-as-bitmap@7.2.3":
  version "7.2.3"
  resolved "https://registry.yarnpkg.com/@pixi/mixin-cache-as-bitmap/-/mixin-cache-as-bitmap-7.2.3.tgz#c7792508d24f037f35e07b34555f9ea1d0fd0ecd"
  integrity sha512-6MQv4L8IffsWtWQgqSu6ib1HAMi3kC0cHaCME4sbhEjPqNysJDpPvI3riS8bg7R4NCSPrCNr9Uoq18zNfLHcVw==

"@pixi/mixin-get-child-by-name@7.2.3":
  version "7.2.3"
  resolved "https://registry.yarnpkg.com/@pixi/mixin-get-child-by-name/-/mixin-get-child-by-name-7.2.3.tgz#cc062cf533df92252c2c04ff54b276d4b889989e"
  integrity sha512-UnS0lGSb64SwrCXeJ1KwgDOPimQlHFNpBxQ1/R4aS/gIxkdibP1sYSoJ0Hed6t161XnTb4meQefoOMmNVA9xrg==

"@pixi/mixin-get-global-position@7.2.3":
  version "7.2.3"
  resolved "https://registry.yarnpkg.com/@pixi/mixin-get-global-position/-/mixin-get-global-position-7.2.3.tgz#fbaad3517c52da2da86321f8c2f055f9316f4324"
  integrity sha512-igWb2Uj89Bk+NopcWD5mFnWMQHFgb2CQ3jct+QNljxyDscX2soK5YA8sscCKl3mnwpVlN/OSrMlvaw2IiACytg==

"@pixi/particle-container@7.2.3":
  version "7.2.3"
  resolved "https://registry.yarnpkg.com/@pixi/particle-container/-/particle-container-7.2.3.tgz#961db0248b9fd734d77ed663ba86f317d5e5233b"
  integrity sha512-wrKQrCvpv3qytd5tGB1nhkE9euZDH9uqbze3o1BOwfdA3GzACgqpKVEh8DaoTv4cCQC3mpPa5g76+/yutFskEg==

"@pixi/prepare@7.2.3":
  version "7.2.3"
  resolved "https://registry.yarnpkg.com/@pixi/prepare/-/prepare-7.2.3.tgz#ec929e2e656e72726139ace91f507c8c035ef881"
  integrity sha512-CGz+th/MumXfaC7CjZSkSvz25lLUpmS4dIJiO6MSCqv8w8kMzNnr5T858Za5p7pYRv0e0M5JHRBs7+9WMXKrOA==

"@pixi/runner@7.2.3":
  version "7.2.3"
  resolved "https://registry.yarnpkg.com/@pixi/runner/-/runner-7.2.3.tgz#0e6833c324321058d271cbdcf279f45c45c25675"
  integrity sha512-VME2Mb4esuen6GAYt7fRKmZuiOX84QU3uPtUx8vPM6oSz2Mm8/RAVHoei9aTjBMXBzOxa/tvxeV4R0L6qYUggg==

"@pixi/settings@7.2.3":
  version "7.2.3"
  resolved "https://registry.yarnpkg.com/@pixi/settings/-/settings-7.2.3.tgz#d7e3ec8dd0031a038728e4fe0237e5a7f4b48323"
  integrity sha512-6igzYiVCQ/zxwMGvSMTuZ517Obf3GuXXgXUD0Gyp/gh7IB3w1yq0Zw8A8s3TyjIH1CWlGiXbcsV9R8GZnXsc3g==
  dependencies:
    "@pixi/constants" "7.2.3"
    "@types/css-font-loading-module" "^0.0.7"
    ismobilejs "^1.1.0"

"@pixi/sprite-animated@7.2.3":
  version "7.2.3"
  resolved "https://registry.yarnpkg.com/@pixi/sprite-animated/-/sprite-animated-7.2.3.tgz#36f7874fd9c2b9bb7474bd0ab433987912d610a7"
  integrity sha512-JMwOXjctJ++UWTnvcaVfEmv0xeG9T8luBcLfEexV4iFz3gsZkQpHzoeVC69w5rO3SAw6x3RVz0jGAJyHDfTdBQ==

"@pixi/sprite-tiling@7.2.3":
  version "7.2.3"
  resolved "https://registry.yarnpkg.com/@pixi/sprite-tiling/-/sprite-tiling-7.2.3.tgz#bcb47d7d505878abfcd8badcdbdebb76f38124ef"
  integrity sha512-pzwbgoFcKFcb7c/SV2MBilUa/8P/j44yWKnrwtdDJihWl0+ObhWQhlWWVE+89cJveeI0qKNCMVHJGvVgg60l/g==

"@pixi/sprite@7.2.3":
  version "7.2.3"
  resolved "https://registry.yarnpkg.com/@pixi/sprite/-/sprite-7.2.3.tgz#ea9e5c67f2367c018e9b09859c9cc7994b8018a7"
  integrity sha512-NsprxlVBgBWTucL7XdJZ22zkhvqxnuVPLTRSL6KciGx8ZsQfmJCEsS3+jmbXQ5H8zkKFviVHYjx5T5qup5KILQ==

"@pixi/spritesheet@7.2.3":
  version "7.2.3"
  resolved "https://registry.yarnpkg.com/@pixi/spritesheet/-/spritesheet-7.2.3.tgz#e11f0a5797897c5f31c723e94fb68fab8df2b835"
  integrity sha512-V6WML/vUIDXP2BaaiVyzmeP1nBZS61/G6AySRIeLQJajF8oS/bJA92yYdHjyW2nTF6iAzlLJRYfYwMJRe0Dmkw==

"@pixi/text-bitmap@7.2.3":
  version "7.2.3"
  resolved "https://registry.yarnpkg.com/@pixi/text-bitmap/-/text-bitmap-7.2.3.tgz#ea8a356fe5328018c17d45006a8ec659ee798827"
  integrity sha512-25jiR3TkMtunuO3pIWg6gDDR3LD4KASaKaLssF6TKTUdqUbYNiS8EhH83T4jfUsu8S6b6NY34JDkQl6HFNqQSA==

"@pixi/text-html@7.2.3":
  version "7.2.3"
  resolved "https://registry.yarnpkg.com/@pixi/text-html/-/text-html-7.2.3.tgz#b46985c7be710c8dc5bd99194ba5fde558aabcb6"
  integrity sha512-bSf51sh1K17jZfARa/AhsDGFabSI0sMUnqw14z7Z4bUUPCCK/mNKCJS8Cqf0/U+Fow3/N0luef1qFZentxM6ag==

"@pixi/text@7.2.3":
  version "7.2.3"
  resolved "https://registry.yarnpkg.com/@pixi/text/-/text-7.2.3.tgz#ec3f52d50532810cec2a7205314b7d200c44d842"
  integrity sha512-59/6oawcDfqnj3uom4pb5lFjMcPS3ybrZIX3ELJ4szit1K26kWKO67eBmVEnixIXH3KFsuo+RORixjaXD3259Q==

"@pixi/ticker@7.2.3":
  version "7.2.3"
  resolved "https://registry.yarnpkg.com/@pixi/ticker/-/ticker-7.2.3.tgz#0d0c8a2898c7bab48b127302c6ba4ff38fc033b9"
  integrity sha512-ad8v5PLG4Lyr1Botx65mh6SenQwnJWSjmYOgzzv320xQIim4l0dBIifB6np+Ro8hD0BTJ3Mc+AY9Q5SH9eU+7Q==
  dependencies:
    "@pixi/extensions" "7.2.3"
    "@pixi/settings" "7.2.3"
    "@pixi/utils" "7.2.3"

"@pixi/utils@7.2.3":
  version "7.2.3"
  resolved "https://registry.yarnpkg.com/@pixi/utils/-/utils-7.2.3.tgz#1be4106afe414463418e2dc375d82cc63c8aa31d"
  integrity sha512-LinLIRJs/h4ZKFz2G8mwjbApsQK6908zjTrHCnyvIxnAdHvkJiLbj6/HlaKZRFvk1JrCrXxtLUz9+DkCEpeq9A==
  dependencies:
    "@pixi/color" "7.2.3"
    "@pixi/constants" "7.2.3"
    "@pixi/settings" "7.2.3"
    "@types/earcut" "^2.1.0"
    earcut "^2.2.4"
    eventemitter3 "^4.0.0"
    url "^0.11.0"

"@quamolit/phlox-utils@^0.0.2":
  version "0.0.2"
  resolved "https://registry.yarnpkg.com/@quamolit/phlox-utils/-/phlox-utils-0.0.2.tgz#4d2f951b69f0a7cb19ea541fe3a498f9afde600d"
  integrity sha512-8XmEHfvNr5zw/zIe3Gu2D0KhgS2oo8druRhfwhCBA6tg8sFJEMfitbCeiJLOXtcZ5RO1APCnlgwHABMfz6GBcQ==
  dependencies:
    d3-color "^3.0.1"

"@triadica/touch-control@^0.0.2":
  version "0.0.2"
  resolved "https://registry.yarnpkg.com/@triadica/touch-control/-/touch-control-0.0.2.tgz#782368adee18c1937dbbf1d401f35aaa9fe47e87"
  integrity sha512-U7W0kqfgmD+qumYn38mIy4aC16s8bIc00eIt7vW3kLXokkTu2edVmXmfXkaJE93skkd49WXUeMEt6iKTIQ+uXA==

"@types/css-font-loading-module@^0.0.7":
  version "0.0.7"
  resolved "https://registry.yarnpkg.com/@types/css-font-loading-module/-/css-font-loading-module-0.0.7.tgz#2f98ede46acc0975de85c0b7b0ebe06041d24601"
  integrity sha512-nl09VhutdjINdWyXxHWN/w9zlNCfr60JUqJbd24YXUuCwgeL0TpFSdElCwb6cxfB6ybE19Gjj4g0jsgkXxKv1Q==

"@types/earcut@^2.1.0":
  version "2.1.1"
  resolved "https://registry.yarnpkg.com/@types/earcut/-/earcut-2.1.1.tgz#573a0af609f17005c751f6f4ffec49cfe358ea51"
  integrity sha512-w8oigUCDjElRHRRrMvn/spybSMyX8MTkKA5Dv+tS1IE/TgmNZPqUYtvYBXGY8cieSE66gm+szeK+bnbxC2xHTQ==

"@types/offscreencanvas@^2019.6.4":
  version "2019.7.0"
  resolved "https://registry.yarnpkg.com/@types/offscreencanvas/-/offscreencanvas-2019.7.0.tgz#e4a932069db47bb3eabeb0b305502d01586fa90d"
  integrity sha512-PGcyveRIpL1XIqK8eBsmRBt76eFgtzuPiSTyKHZxnGemp2yzGzWpjYKAfK3wIMiU7eH+851yEpiuP8JZerTmWg==

bottom-tip@^0.1.5:
  version "0.1.5"
  resolved "https://registry.yarnpkg.com/bottom-tip/-/bottom-tip-0.1.5.tgz#ca81e738fba6ae956a5b4c55a78a127820c9b99e"
  integrity sha512-53RCkWg6hY8M7Y9lPgU2f2bAEejQh0H6SCL9B8ufFdYAOAH/cUEwxSsBIH0AcPbOcNaSgdEJr9OhdnTUENe5bA==
  dependencies:
    nanoid "^4.0.1"
    virtual-dom "^2.1.1"

browser-split@0.0.1:
  version "0.0.1"
  resolved "https://registry.yarnpkg.com/browser-split/-/browser-split-0.0.1.tgz#7b097574f8e3ead606fb4664e64adfdda2981a93"
  integrity sha512-JhvgRb2ihQhsljNda3BI8/UcRHVzrVwo3Q+P8vDtSiyobXuFpuZ9mq+MbRGMnC22CjW3RrfXdg6j6ITX8M+7Ow==

camelize@^1.0.0:
  version "1.0.1"
  resolved "https://registry.yarnpkg.com/camelize/-/camelize-1.0.1.tgz#89b7e16884056331a35d6b5ad064332c91daa6c3"
  integrity sha512-dU+Tx2fsypxTgtLoE36npi3UqcjSSMNYfkqgmoEhtZrraP5VWq0K7FkWVTYa8eMPtnU/G2txVsfdCJTn9uzpuQ==

colord@^2.9.3:
  version "2.9.3"
  resolved "https://registry.yarnpkg.com/colord/-/colord-2.9.3.tgz#4f8ce919de456f1d5c1c368c307fe20f3e59fb43"
  integrity sha512-jeC1axXpnb0/2nn/Y1LPuLdgXBLH7aDcHu4KEKfqw3CUhX7ZpfBSlPKyqXE6btIgEzfWtrX3/tyBCaCvXvMkOw==

d3-color@^3.0.1:
  version "3.1.0"
  resolved "https://registry.yarnpkg.com/d3-color/-/d3-color-3.1.0.tgz#395b2833dfac71507f12ac2f7af23bf819de24e2"
  integrity sha512-zg/chbXyeBtMQ1LbD/WSoW2DpC3I0mpmPdW+ynRTj/x2DAWYrIY7qeZIHidozwV24m4iavr15lNwIwLxRmOxhA==

dom-walk@^0.1.0:
  version "0.1.2"
  resolved "https://registry.yarnpkg.com/dom-walk/-/dom-walk-0.1.2.tgz#0c548bef048f4d1f2a97249002236060daa3fd84"
  integrity sha512-6QvTW9mrGeIegrFXdtQi9pk7O/nSK6lSdXW2eqUspN5LWD7UTji2Fqw5V2YLjBpHEoU9Xl/eUWNpDeZvoyOv2w==

earcut@^2.2.4:
  version "2.2.4"
  resolved "https://registry.yarnpkg.com/earcut/-/earcut-2.2.4.tgz#6d02fd4d68160c114825d06890a92ecaae60343a"
  integrity sha512-/pjZsA1b4RPHbeWZQn66SWS8nZZWLQQ23oE3Eam7aroEFGEvwKAsJfZ9ytiEMycfzXWpca4FA9QIOehf7PocBQ==

error@^4.3.0:
  version "4.4.0"
  resolved "https://registry.yarnpkg.com/error/-/error-4.4.0.tgz#bf69ff251fb4a279c19adccdaa6b61e90d9bf12a"
  integrity sha512-SNDKualLUtT4StGFP7xNfuFybL2f6iJujFtrWuvJqGbVQGaN+adE23veqzPz1hjUjTunLi2EnJ+0SJxtbJreKw==
  dependencies:
    camelize "^1.0.0"
    string-template "~0.2.0"
    xtend "~4.0.0"

esbuild@^0.17.5:
  version "0.17.14"
  resolved "https://registry.yarnpkg.com/esbuild/-/esbuild-0.17.14.tgz#d61a22de751a3133f3c6c7f9c1c3e231e91a3245"
  integrity sha512-vOO5XhmVj/1XQR9NQ1UPq6qvMYL7QFJU57J5fKBKBKxp17uDt5PgxFDb4A2nEiXhr1qQs4x0F5+66hVVw4ruNw==
  optionalDependencies:
    "@esbuild/android-arm" "0.17.14"
    "@esbuild/android-arm64" "0.17.14"
    "@esbuild/android-x64" "0.17.14"
    "@esbuild/darwin-arm64" "0.17.14"
    "@esbuild/darwin-x64" "0.17.14"
    "@esbuild/freebsd-arm64" "0.17.14"
    "@esbuild/freebsd-x64" "0.17.14"
    "@esbuild/linux-arm" "0.17.14"
    "@esbuild/linux-arm64" "0.17.14"
    "@esbuild/linux-ia32" "0.17.14"
    "@esbuild/linux-loong64" "0.17.14"
    "@esbuild/linux-mips64el" "0.17.14"
    "@esbuild/linux-ppc64" "0.17.14"
    "@esbuild/linux-riscv64" "0.17.14"
    "@esbuild/linux-s390x" "0.17.14"
    "@esbuild/linux-x64" "0.17.14"
    "@esbuild/netbsd-x64" "0.17.14"
    "@esbuild/openbsd-x64" "0.17.14"
    "@esbuild/sunos-x64" "0.17.14"
    "@esbuild/win32-arm64" "0.17.14"
    "@esbuild/win32-ia32" "0.17.14"
    "@esbuild/win32-x64" "0.17.14"

ev-store@^7.0.0:
  version "7.0.0"
  resolved "https://registry.yarnpkg.com/ev-store/-/ev-store-7.0.0.tgz#1ab0c7f82136505dd74b31d17701cb2be6d26558"
  integrity sha512-otazchNRnGzp2YarBJ+GXKVGvhxVATB1zmaStxJBYet0Dyq7A9VhH8IUEB/gRcL6Ch52lfpgPTRJ2m49epyMsQ==
  dependencies:
    individual "^3.0.0"

eventemitter3@^4.0.0:
  version "4.0.7"
  resolved "https://registry.yarnpkg.com/eventemitter3/-/eventemitter3-4.0.7.tgz#2de9b68f6528d5644ef5c59526a1b4a07306169f"
  integrity sha512-8guHBZCwKnFhYdHr2ysuRWErTwhoN2X8XELRlrRwpmfeY2jjuUN4taQMsULKUVo1K4DvZl+0pgfyoysHxvmvEw==

fontfaceobserver-es@^3.3.3:
  version "3.3.3"
  resolved "https://registry.yarnpkg.com/fontfaceobserver-es/-/fontfaceobserver-es-3.3.3.tgz#b8fa6b774592c53d4ff98b031f97f15f9bdc4d83"
  integrity sha512-1EyweL1ryy0koZWk80Kr0UgWq9KhbOl2cD6x1O8BtFu0gNqCWIXK1lVFSUb37DI5FMn1m86I6X7N1JRBy8wVfw==

fsevents@~2.3.2:
  version "2.3.2"
  resolved "https://registry.yarnpkg.com/fsevents/-/fsevents-2.3.2.tgz#8a526f78b8fdf4623b709e0b975c52c24c02fd1a"
  integrity sha512-xiqMQR4xAeHTuB9uWm+fFRcIOgKBMiOBP+eXiyT7jsgVCq1bkVygt00oASowB7EdtpOHaaPgKt812P9ab+DDKA==

function-bind@^1.1.1:
  version "1.1.1"
  resolved "https://registry.yarnpkg.com/function-bind/-/function-bind-1.1.1.tgz#a56899d3ea3c9bab874bb9773b7c5ede92f4895d"
  integrity sha512-yIovAzMX49sF8Yl58fSCWJ5svSLuaibPxXQJFLmBObTuCr0Mf1KiPopGM9NiFjiYBCbfaa2Fh6breQ6ANVTI0A==

global@^4.3.0:
  version "4.4.0"
  resolved "https://registry.yarnpkg.com/global/-/global-4.4.0.tgz#3e7b105179006a323ed71aafca3e9c57a5cc6406"
  integrity sha512-wv/LAoHdRE3BeTGz53FAamhGlPLhlssK45usmGFThIi4XqnBmjKQ16u+RNbP7WvigRZDxUsM0J3gcQ5yicaL0w==
  dependencies:
    min-document "^2.19.0"
    process "^0.11.10"

has@^1.0.3:
  version "1.0.3"
  resolved "https://registry.yarnpkg.com/has/-/has-1.0.3.tgz#722d7cbfc1f6aa8241f16dd814e011e1f41e8796"
  integrity sha512-f2dvO0VU6Oej7RkWJGrehjbzMAjFp5/VKPp5tTpWIV4JHHZK1/BxbFRtf/siA2SWTe09caDmVtYYzWEIbBS4zw==
  dependencies:
    function-bind "^1.1.1"

hsluv@^1.0.0:
  version "1.0.0"
  resolved "https://registry.yarnpkg.com/hsluv/-/hsluv-1.0.0.tgz#d06b2d23c3552f2428bb002e00268c681c425c70"
  integrity sha512-RqZkmiAbUnQ5JkjDFB81iaAC62fkL7BtQultslKzb7Sqs6wzPljY0YPDEhA9pdsVdGQ6ksfMBp9rJB9JyRlQFQ==

individual@^3.0.0:
  version "3.0.0"
  resolved "https://registry.yarnpkg.com/individual/-/individual-3.0.0.tgz#e7ca4f85f8957b018734f285750dc22ec2f9862d"
  integrity sha512-rUY5vtT748NMRbEMrTNiFfy29BgGZwGXUi2NFUVMWQrogSLzlJvQV9eeMWi+g1aVaQ53tpyLAQtd5x/JH0Nh1g==

is-core-module@^2.9.0:
  version "2.11.0"
  resolved "https://registry.yarnpkg.com/is-core-module/-/is-core-module-2.11.0.tgz#ad4cb3e3863e814523c96f3f58d26cc570ff0144"
  integrity sha512-RRjxlvLDkD1YJwDbroBHMb+cukurkDWNyHx7D3oNB5x9rb5ogcksMC5wHCadcXoo67gVr/+3GFySh3134zi6rw==
  dependencies:
    has "^1.0.3"

is-object@^1.0.1:
  version "1.0.2"
  resolved "https://registry.yarnpkg.com/is-object/-/is-object-1.0.2.tgz#a56552e1c665c9e950b4a025461da87e72f86fcf"
  integrity sha512-2rRIahhZr2UWb45fIOuvZGpFtz0TyOZLf32KxBbSoUCeZR495zCKlWUKKUByk3geS2eAs7ZAABt0Y/Rx0GiQGA==

ismobilejs@^1.1.0:
  version "1.1.1"
  resolved "https://registry.yarnpkg.com/ismobilejs/-/ismobilejs-1.1.1.tgz#c56ca0ae8e52b24ca0f22ba5ef3215a2ddbbaa0e"
  integrity sha512-VaFW53yt8QO61k2WJui0dHf4SlL8lxBofUuUmwBo0ljPk0Drz2TiuDW4jo3wDcv41qy/SxrJ+VAzJ/qYqsmzRw==

min-document@^2.19.0:
  version "2.19.0"
  resolved "https://registry.yarnpkg.com/min-document/-/min-document-2.19.0.tgz#7bd282e3f5842ed295bb748cdd9f1ffa2c824685"
  integrity sha512-9Wy1B3m3f66bPPmU5hdA4DR4PB2OfDU/+GS3yAB7IQozE3tqXaVv2zOjgla7MEGSRv95+ILmOuvhLkOK6wJtCQ==
  dependencies:
    dom-walk "^0.1.0"

mobile-detect@^1.4.5:
  version "1.4.5"
  resolved "https://registry.yarnpkg.com/mobile-detect/-/mobile-detect-1.4.5.tgz#da393c3c413ca1a9bcdd9ced653c38281c0fb6ad"
  integrity sha512-yc0LhH6tItlvfLBugVUEtgawwFU2sIe+cSdmRJJCTMZ5GEJyLxNyC/NIOAOGk67Fa8GNpOttO3Xz/1bHpXFD/g==

nanoid@^3.3.4:
  version "3.3.4"
  resolved "https://registry.yarnpkg.com/nanoid/-/nanoid-3.3.4.tgz#730b67e3cd09e2deacf03c027c81c9d9dbc5e8ab"
  integrity sha512-MqBkQh/OHTS2egovRtLk45wEyNXwF+cokD+1YPf9u5VfJiRdAiRwB2froX5Co9Rh20xs4siNPm8naNotSD6RBw==

nanoid@^4.0.1:
  version "4.0.1"
  resolved "https://registry.yarnpkg.com/nanoid/-/nanoid-4.0.1.tgz#398d7ccfdbf9faf2231b2ca7e8fff5dbca6a509b"
  integrity sha512-udKGtCCUafD3nQtJg9wBhRP3KMbPglUsgV5JVsXhvyBs/oefqb4sqMEhKBBgqZncYowu58p1prsZQBYvAj/Gww==

next-tick@^0.2.2:
  version "0.2.2"
  resolved "https://registry.yarnpkg.com/next-tick/-/next-tick-0.2.2.tgz#75da4a927ee5887e39065880065b7336413b310d"
  integrity sha512-f7h4svPtl+QidoBv4taKXUjJ70G2asaZ8G28nS0OkqaalX8dwwrtWtyxEDPK62AC00ur/+/E0pUwBwY5EPn15Q==

path-parse@^1.0.7:
  version "1.0.7"
  resolved "https://registry.yarnpkg.com/path-parse/-/path-parse-1.0.7.tgz#fbc114b60ca42b30d9daf5858e4bd68bbedb6735"
  integrity sha512-LDJzPVEEEPR+y48z93A0Ed0yXb8pAByGWo/k5YYdYgpY2/2EsOsksJrq7lOHxryrVOn1ejG6oAp8ahvOIQD8sw==

picocolors@^1.0.0:
  version "1.0.0"
  resolved "https://registry.yarnpkg.com/picocolors/-/picocolors-1.0.0.tgz#cb5bdc74ff3f51892236eaf79d68bc44564ab81c"
  integrity sha512-1fygroTLlHu66zi26VoTDv8yRgm0Fccecssto+MhsZ0D/DGW2sm8E8AjW7NU5VVTRt5GxbeZ5qBuJr+HyLYkjQ==

pixi.js@7.2.3:
  version "7.2.3"
  resolved "https://registry.yarnpkg.com/pixi.js/-/pixi.js-7.2.3.tgz#2756f32887e156ddf89876718ab08acc49bf0e1e"
  integrity sha512-eYWCV+UeVdRnn3zIxgHXdetVv8EQ8veccvu0z06QM9fUa37+D2Jm7Vp3F+ox9E9RLmoNVhlezAIUaSG4m3BN3A==
  dependencies:
    "@pixi/accessibility" "7.2.3"
    "@pixi/app" "7.2.3"
    "@pixi/assets" "7.2.3"
    "@pixi/compressed-textures" "7.2.3"
    "@pixi/core" "7.2.3"
    "@pixi/display" "7.2.3"
    "@pixi/events" "7.2.3"
    "@pixi/extensions" "7.2.3"
    "@pixi/extract" "7.2.3"
    "@pixi/filter-alpha" "7.2.3"
    "@pixi/filter-blur" "7.2.3"
    "@pixi/filter-color-matrix" "7.2.3"
    "@pixi/filter-displacement" "7.2.3"
    "@pixi/filter-fxaa" "7.2.3"
    "@pixi/filter-noise" "7.2.3"
    "@pixi/graphics" "7.2.3"
    "@pixi/mesh" "7.2.3"
    "@pixi/mesh-extras" "7.2.3"
    "@pixi/mixin-cache-as-bitmap" "7.2.3"
    "@pixi/mixin-get-child-by-name" "7.2.3"
    "@pixi/mixin-get-global-position" "7.2.3"
    "@pixi/particle-container" "7.2.3"
    "@pixi/prepare" "7.2.3"
    "@pixi/sprite" "7.2.3"
    "@pixi/sprite-animated" "7.2.3"
    "@pixi/sprite-tiling" "7.2.3"
    "@pixi/spritesheet" "7.2.3"
    "@pixi/text" "7.2.3"
    "@pixi/text-bitmap" "7.2.3"
    "@pixi/text-html" "7.2.3"

postcss@^8.4.21:
  version "8.4.21"
  resolved "https://registry.yarnpkg.com/postcss/-/postcss-8.4.21.tgz#c639b719a57efc3187b13a1d765675485f4134f4"
  integrity sha512-tP7u/Sn/dVxK2NnruI4H9BG+x+Wxz6oeZ1cJ8P6G/PZY0IKk4k/63TDsQf2kQq3+qoJeLm2kIBUNlZe3zgb4Zg==
  dependencies:
    nanoid "^3.3.4"
    picocolors "^1.0.0"
    source-map-js "^1.0.2"

process@^0.11.10:
  version "0.11.10"
  resolved "https://registry.yarnpkg.com/process/-/process-0.11.10.tgz#7332300e840161bda3e69a1d1d91a7d4bc16f182"
  integrity sha512-cdGef/drWFoydD1JsMzuFf8100nZl+GT+yacc2bEced5f9Rjk4z+WtFUTBu9PhOi9j/jfmBPu0mMEY4wIdAF8A==

punycode@1.3.2:
  version "1.3.2"
  resolved "https://registry.yarnpkg.com/punycode/-/punycode-1.3.2.tgz#9653a036fb7c1ee42342f2325cceefea3926c48d"
  integrity sha512-RofWgt/7fL5wP1Y7fxE7/EmTLzQVnB0ycyibJ0OOHIlJqTNzglYFxVwETOcIoJqJmpDXJ9xImDv+Fq34F/d4Dw==

querystring@0.2.0:
  version "0.2.0"
  resolved "https://registry.yarnpkg.com/querystring/-/querystring-0.2.0.tgz#b209849203bb25df820da756e747005878521620"
  integrity sha512-X/xY82scca2tau62i9mDyU9K+I+djTMUsvwf7xnUX5GLvVzgJybOJf4Y6o9Zx3oJK/LSXg5tTZBjwzqVPaPO2g==

resolve@^1.22.1:
  version "1.22.1"
  resolved "https://registry.yarnpkg.com/resolve/-/resolve-1.22.1.tgz#27cb2ebb53f91abb49470a928bba7558066ac177"
  integrity sha512-nBpuuYuY5jFsli/JIs1oldw6fOQCBioohqWZg/2hiaOybXOft4lonv85uDOKXdf8rhyK159cxU5cDcK/NKk8zw==
  dependencies:
    is-core-module "^2.9.0"
    path-parse "^1.0.7"
    supports-preserve-symlinks-flag "^1.0.0"

rollup@^3.18.0:
  version "3.20.2"
  resolved "https://registry.yarnpkg.com/rollup/-/rollup-3.20.2.tgz#f798c600317f216de2e4ad9f4d9ab30a89b690ff"
  integrity sha512-3zwkBQl7Ai7MFYQE0y1MeQ15+9jsi7XxfrqwTb/9EK8D9C9+//EBR4M+CuA1KODRaNbFez/lWxA5vhEGZp4MUg==
  optionalDependencies:
    fsevents "~2.3.2"

source-map-js@^1.0.2:
  version "1.0.2"
  resolved "https://registry.yarnpkg.com/source-map-js/-/source-map-js-1.0.2.tgz#adbc361d9c62df380125e7f161f71c826f1e490c"
  integrity sha512-R0XvVJ9WusLiqTCEiGCmICCMplcCkIwwR11mOSD9CR5u+IXYdiseeEuXCVAjS54zqwkLcPNnmU4OeJ6tUrWhDw==

string-template@~0.2.0:
  version "0.2.1"
  resolved "https://registry.yarnpkg.com/string-template/-/string-template-0.2.1.tgz#42932e598a352d01fc22ec3367d9d84eec6c9add"
  integrity sha512-Yptehjogou2xm4UJbxJ4CxgZx12HBfeystp0y3x7s4Dj32ltVVG1Gg8YhKjHZkHicuKpZX/ffilA8505VbUbpw==

supports-preserve-symlinks-flag@^1.0.0:
  version "1.0.0"
  resolved "https://registry.yarnpkg.com/supports-preserve-symlinks-flag/-/supports-preserve-symlinks-flag-1.0.0.tgz#6eda4bd344a3c94aea376d4cc31bc77311039e09"
  integrity sha512-ot0WnXS9fgdkgIcePe6RHNk1WA8+muPa6cSjeR3V8K27q9BB1rTE3R1p7Hv0z1ZyAc8s6Vvv8DIyWf681MAt0w==

url@^0.11.0:
  version "0.11.0"
  resolved "https://registry.yarnpkg.com/url/-/url-0.11.0.tgz#3838e97cfc60521eb73c525a8e55bfdd9e2e28f1"
  integrity sha512-kbailJa29QrtXnxgq+DdCEGlbTeYM2eJUxsz6vjZavrCYPMIFHMKQmSKYAIuUK2i7hgPm28a8piX5NTUtM/LKQ==
  dependencies:
    punycode "1.3.2"
    querystring "0.2.0"

virtual-dom@^2.1.1:
  version "2.1.1"
  resolved "https://registry.yarnpkg.com/virtual-dom/-/virtual-dom-2.1.1.tgz#80eda2d481b9ede0c049118cefcb4a05f21d1375"
  integrity sha512-wb6Qc9Lbqug0kRqo/iuApfBpJJAq14Sk1faAnSmtqXiwahg7PVTvWMs9L02Z8nNIMqbwsxzBAA90bbtRLbw0zg==
  dependencies:
    browser-split "0.0.1"
    error "^4.3.0"
    ev-store "^7.0.0"
    global "^4.3.0"
    is-object "^1.0.1"
    next-tick "^0.2.2"
    x-is-array "0.1.0"
    x-is-string "0.1.0"

vite@^4.2.1:
  version "4.2.1"
  resolved "https://registry.yarnpkg.com/vite/-/vite-4.2.1.tgz#6c2eb337b0dfd80a9ded5922163b94949d7fc254"
  integrity sha512-7MKhqdy0ISo4wnvwtqZkjke6XN4taqQ2TBaTccLIpOKv7Vp2h4Y+NpmWCnGDeSvvn45KxvWgGyb0MkHvY1vgbg==
  dependencies:
    esbuild "^0.17.5"
    postcss "^8.4.21"
    resolve "^1.22.1"
    rollup "^3.18.0"
  optionalDependencies:
    fsevents "~2.3.2"

x-is-array@0.1.0:
  version "0.1.0"
  resolved "https://registry.yarnpkg.com/x-is-array/-/x-is-array-0.1.0.tgz#de520171d47b3f416f5587d629b89d26b12dc29d"
  integrity sha512-goHPif61oNrr0jJgsXRfc8oqtYzvfiMJpTqwE7Z4y9uH+T3UozkGqQ4d2nX9mB9khvA8U2o/UbPOFjgC7hLWIA==

x-is-string@0.1.0:
  version "0.1.0"
  resolved "https://registry.yarnpkg.com/x-is-string/-/x-is-string-0.1.0.tgz#474b50865af3a49a9c4657f05acd145458f77d82"
  integrity sha512-GojqklwG8gpzOVEVki5KudKNoq7MbbjYZCbyWzEz7tyPA7eleiE0+ePwOWQQRb5fm86rD3S8Tc0tSFf3AOv50w==

xtend@~4.0.0:
  version "4.0.2"
  resolved "https://registry.yarnpkg.com/xtend/-/xtend-4.0.2.tgz#bb72779f5fa465186b1f438f674fa347fdb5db54"
  integrity sha512-LKYU1iAXJXUgAXn9URjiu+MWhyUXHsvfp7mcuYm9dSUKK0/CjtrUwFAxD82/mCWbtLsGjFIad0wIsod4zrTAEQ==
