# THIS IS AN AUTOGENERATED FILE. DO NOT EDIT THIS FILE DIRECTLY.
# yarn lockfile v1


"@quamolit/phlox-utils@^0.0.1":
  version "0.0.1"
  resolved "https://registry.yarnpkg.com/@quamolit/phlox-utils/-/phlox-utils-0.0.1.tgz#65c5c83999f6256baa0e4fb2f7c164e97da0c122"
  integrity sha512-AezlsYPwk3yyhoujM/qbMlJ5iu5q5WtxLv34DAcHdZAy5WYoYYMu1OOZH1AzW8tVwbmcmM2wniILgs4rQnI+kg==
